// !$*UTF8*$!
{
	archiveVersion = 1;
	classes = {
	};
	objectVersion = 45;
	objects = {

/* Begin PBXBuildFile section */
		0102D2D10F58D7C7005AE0EA /* main.m in Sources */ = {isa = PBXBuildFile; fileRef = 0102D2CC0F58D7C7005AE0EA /* main.m */; };
		0102D2D20F58D7C7005AE0EA /* MainWindow.xib in Resources */ = {isa = PBXBuildFile; fileRef = 0102D2CD0F58D7C7005AE0EA /* MainWindow.xib */; };
		0102D2D30F58D7C7005AE0EA /* myGovAppDelegate.m in Sources */ = {isa = PBXBuildFile; fileRef = 0102D2D00F58D7C7005AE0EA /* myGovAppDelegate.m */; };
		0102D2EE0F58DECD005AE0EA /* eagleIcon.png in Resources */ = {isa = PBXBuildFile; fileRef = 0102D2ED0F58DECD005AE0EA /* eagleIcon.png */; };
		0102D2F20F58E007005AE0EA /* RecoveryView.xib in Resources */ = {isa = PBXBuildFile; fileRef = 0102D2F10F58E007005AE0EA /* RecoveryView.xib */; };
		0102D2F50F58E028005AE0EA /* RecoveryViewController.m in Sources */ = {isa = PBXBuildFile; fileRef = 0102D2F40F58E028005AE0EA /* RecoveryViewController.m */; };
		0102D3020F58E31C005AE0EA /* SpendingViewController.m in Sources */ = {isa = PBXBuildFile; fileRef = 0102D3010F58E31C005AE0EA /* SpendingViewController.m */; };
		0102D40B0F58F2D2005AE0EA /* CongressViewController.m in Sources */ = {isa = PBXBuildFile; fileRef = 0102D40A0F58F2D2005AE0EA /* CongressViewController.m */; };
		011592C40F6A36D2008BECCD /* Default.png in Resources */ = {isa = PBXBuildFile; fileRef = 011592C30F6A36D2008BECCD /* Default.png */; };
		0126775E0F7F25CA00CF9C46 /* CoreLocation.framework in Frameworks */ = {isa = PBXBuildFile; fileRef = 0126775D0F7F25CA00CF9C46 /* CoreLocation.framework */; };
		0126785E0F7F3BB900CF9C46 /* CongressDatabaseParser.m in Sources */ = {isa = PBXBuildFile; fileRef = 0126785D0F7F3BB900CF9C46 /* CongressDatabaseParser.m */; };
		012678610F7F3BD500CF9C46 /* CongressLocationParser.m in Sources */ = {isa = PBXBuildFile; fileRef = 012678600F7F3BD500CF9C46 /* CongressLocationParser.m */; };
		0132E7500F68D22A00DF33DC /* CongressionalCommittees.m in Sources */ = {isa = PBXBuildFile; fileRef = 0132E74F0F68D22A00DF33DC /* CongressionalCommittees.m */; };
		0168727D0F7B15EE00D23E78 /* ContractorSpendingData.m in Sources */ = {isa = PBXBuildFile; fileRef = 0168727C0F7B15EE00D23E78 /* ContractorSpendingData.m */; };
		0168730A0F7B34E100D23E78 /* ContractorSpendingTableCell.m in Sources */ = {isa = PBXBuildFile; fileRef = 016873090F7B34E100D23E78 /* ContractorSpendingTableCell.m */; };
		017C22500F721824008CA4ED /* billsIcon.png in Resources */ = {isa = PBXBuildFile; fileRef = 017C224D0F721824008CA4ED /* billsIcon.png */; };
		017C22510F721824008CA4ED /* congressIcon.png in Resources */ = {isa = PBXBuildFile; fileRef = 017C224E0F721824008CA4ED /* congressIcon.png */; };
		017C22520F721824008CA4ED /* spendingIcon.png in Resources */ = {isa = PBXBuildFile; fileRef = 017C224F0F721824008CA4ED /* spendingIcon.png */; };
		017C22550F721E60008CA4ED /* communityIcon.png in Resources */ = {isa = PBXBuildFile; fileRef = 017C22540F721E60008CA4ED /* communityIcon.png */; };
		0190167C0F8551BB00627610 /* BillSummaryXMLParser.m in Sources */ = {isa = PBXBuildFile; fileRef = 0190167B0F8551BB00627610 /* BillSummaryXMLParser.m */; };
		019017670F85760A00627610 /* BillSummaryTableCell.m in Sources */ = {isa = PBXBuildFile; fileRef = 019017660F85760A00627610 /* BillSummaryTableCell.m */; };
		01B118360F709EC70076AFE0 /* StateAbbreviations.m in Sources */ = {isa = PBXBuildFile; fileRef = 01B118350F709EC70076AFE0 /* StateAbbreviations.m */; };
		01B119070F70B71E0076AFE0 /* SpendingDataManager.m in Sources */ = {isa = PBXBuildFile; fileRef = 01B119060F70B71E0076AFE0 /* SpendingDataManager.m */; };
		01B119440F70BD560076AFE0 /* location_overlay.png in Resources */ = {isa = PBXBuildFile; fileRef = 01B119420F70BD560076AFE0 /* location_overlay.png */; };
		01B119450F70BD560076AFE0 /* USStates.plist in Resources */ = {isa = PBXBuildFile; fileRef = 01B119430F70BD560076AFE0 /* USStates.plist */; };
		01B4E05F0F6449BB00219672 /* ProgressOverlayViewController.m in Sources */ = {isa = PBXBuildFile; fileRef = 01B4E05E0F6449BB00219672 /* ProgressOverlayViewController.m */; };
		01B4E2200F64D6EC00219672 /* LegislatorHeaderView.xib in Resources */ = {isa = PBXBuildFile; fileRef = 01B4E21F0F64D6EC00219672 /* LegislatorHeaderView.xib */; };
		01B4E2230F64D88000219672 /* LegislatorHeaderViewController.m in Sources */ = {isa = PBXBuildFile; fileRef = 01B4E2220F64D88000219672 /* LegislatorHeaderViewController.m */; };
		01BB71A10F7712C900E7065F /* PlaceSpendingData.m in Sources */ = {isa = PBXBuildFile; fileRef = 01BB71A00F7712C900E7065F /* PlaceSpendingData.m */; };
		01BB72460F773FD700E7065F /* PlaceSpendingTableCell.m in Sources */ = {isa = PBXBuildFile; fileRef = 01BB72450F773FD700E7065F /* PlaceSpendingTableCell.m */; };
		01BC2FAA0F5B84AD00E7ABD0 /* XMLParserOperation.m in Sources */ = {isa = PBXBuildFile; fileRef = 01BC2FA90F5B84AD00E7ABD0 /* XMLParserOperation.m */; };
		01BC2FE10F5B973B00E7ABD0 /* CongressDataManager.m in Sources */ = {isa = PBXBuildFile; fileRef = 01BC2FE00F5B973B00E7ABD0 /* CongressDataManager.m */; };
		01BC2FEC0F5BA34000E7ABD0 /* LegislatorContainer.m in Sources */ = {isa = PBXBuildFile; fileRef = 01BC2FEB0F5BA34000E7ABD0 /* LegislatorContainer.m */; };
		01C43CE10F662D0B00F8A025 /* BillsViewController.m in Sources */ = {isa = PBXBuildFile; fileRef = 01C43CE00F662D0B00F8A025 /* BillsViewController.m */; };
		01C43D020F662E3300F8A025 /* LegislatorNameCell.m in Sources */ = {isa = PBXBuildFile; fileRef = 01C43D010F662E3300F8A025 /* LegislatorNameCell.m */; };
		01E1D9E70F80817E008B3711 /* BillsDataManager.m in Sources */ = {isa = PBXBuildFile; fileRef = 01E1D9E60F80817E008B3711 /* BillsDataManager.m */; };
		01E1DA090F8085D3008B3711 /* BillContainer.m in Sources */ = {isa = PBXBuildFile; fileRef = 01E1DA080F8085D3008B3711 /* BillContainer.m */; };
		01EDDF9F0F6363D00098A7B6 /* LegislatorViewController.m in Sources */ = {isa = PBXBuildFile; fileRef = 01EDDF9E0F6363D00098A7B6 /* LegislatorViewController.m */; };
		01EDDFC80F6380020098A7B6 /* LegislatorInfoCell.m in Sources */ = {isa = PBXBuildFile; fileRef = 01EDDFC70F6380020098A7B6 /* LegislatorInfoCell.m */; };
		0461A05A0F5A471400BE17FF /* CommunityItem.m in Sources */ = {isa = PBXBuildFile; fileRef = 0461A0590F5A471400BE17FF /* CommunityItem.m */; };
		04B603120F59BE3000815A86 /* CommunityViewController.m in Sources */ = {isa = PBXBuildFile; fileRef = 04B603110F59BE3000815A86 /* CommunityViewController.m */; };
		04B603940F5A1A2700815A86 /* CommunityTableViewCell.m in Sources */ = {isa = PBXBuildFile; fileRef = 04B603930F5A1A2700815A86 /* CommunityTableViewCell.m */; };
		04B603970F5A1A6C00815A86 /* CommunityItemView.m in Sources */ = {isa = PBXBuildFile; fileRef = 04B603960F5A1A6C00815A86 /* CommunityItemView.m */; };
		1D60589F0D05DD5A006BFB54 /* Foundation.framework in Frameworks */ = {isa = PBXBuildFile; fileRef = 1D30AB110D05D00D00671497 /* Foundation.framework */; };
		1DF5F4E00D08C38300B7A737 /* UIKit.framework in Frameworks */ = {isa = PBXBuildFile; fileRef = 1DF5F4DF0D08C38300B7A737 /* UIKit.framework */; };
		288765080DF74369002DB57D /* CoreGraphics.framework in Frameworks */ = {isa = PBXBuildFile; fileRef = 288765070DF74369002DB57D /* CoreGraphics.framework */; };
/* End PBXBuildFile section */

/* Begin PBXFileReference section */
		0102D2CC0F58D7C7005AE0EA /* main.m */ = {isa = PBXFileReference; fileEncoding = 4; lastKnownFileType = sourcecode.c.objc; name = main.m; path = src/main.m; sourceTree = "<group>"; };
		0102D2CD0F58D7C7005AE0EA /* MainWindow.xib */ = {isa = PBXFileReference; lastKnownFileType = file.xib; name = MainWindow.xib; path = src/MainWindow.xib; sourceTree = "<group>"; };
		0102D2CE0F58D7C7005AE0EA /* myGov_Prefix.pch */ = {isa = PBXFileReference; fileEncoding = 4; lastKnownFileType = sourcecode.c.h; name = myGov_Prefix.pch; path = src/myGov_Prefix.pch; sourceTree = "<group>"; };
		0102D2CF0F58D7C7005AE0EA /* myGovAppDelegate.h */ = {isa = PBXFileReference; fileEncoding = 4; lastKnownFileType = sourcecode.c.h; name = myGovAppDelegate.h; path = src/myGovAppDelegate.h; sourceTree = "<group>"; };
		0102D2D00F58D7C7005AE0EA /* myGovAppDelegate.m */ = {isa = PBXFileReference; fileEncoding = 4; lastKnownFileType = sourcecode.c.objc; name = myGovAppDelegate.m; path = src/myGovAppDelegate.m; sourceTree = "<group>"; };
		0102D2ED0F58DECD005AE0EA /* eagleIcon.png */ = {isa = PBXFileReference; lastKnownFileType = image.png; name = eagleIcon.png; path = res/eagleIcon.png; sourceTree = "<group>"; };
		0102D2F10F58E007005AE0EA /* RecoveryView.xib */ = {isa = PBXFileReference; lastKnownFileType = file.xib; name = RecoveryView.xib; path = src/recovery/RecoveryView.xib; sourceTree = "<group>"; };
		0102D2F30F58E028005AE0EA /* RecoveryViewController.h */ = {isa = PBXFileReference; fileEncoding = 4; lastKnownFileType = sourcecode.c.h; name = RecoveryViewController.h; path = src/recovery/RecoveryViewController.h; sourceTree = "<group>"; };
		0102D2F40F58E028005AE0EA /* RecoveryViewController.m */ = {isa = PBXFileReference; fileEncoding = 4; lastKnownFileType = sourcecode.c.objc; name = RecoveryViewController.m; path = src/recovery/RecoveryViewController.m; sourceTree = "<group>"; };
		0102D3000F58E31C005AE0EA /* SpendingViewController.h */ = {isa = PBXFileReference; fileEncoding = 4; lastKnownFileType = sourcecode.c.h; name = SpendingViewController.h; path = src/spending/SpendingViewController.h; sourceTree = "<group>"; };
		0102D3010F58E31C005AE0EA /* SpendingViewController.m */ = {isa = PBXFileReference; fileEncoding = 4; lastKnownFileType = sourcecode.c.objc; name = SpendingViewController.m; path = src/spending/SpendingViewController.m; sourceTree = "<group>"; };
		0102D4090F58F2D2005AE0EA /* CongressViewController.h */ = {isa = PBXFileReference; fileEncoding = 4; lastKnownFileType = sourcecode.c.h; name = CongressViewController.h; path = src/congress/CongressViewController.h; sourceTree = "<group>"; };
		0102D40A0F58F2D2005AE0EA /* CongressViewController.m */ = {isa = PBXFileReference; fileEncoding = 4; lastKnownFileType = sourcecode.c.objc; name = CongressViewController.m; path = src/congress/CongressViewController.m; sourceTree = "<group>"; };
		011592C30F6A36D2008BECCD /* Default.png */ = {isa = PBXFileReference; lastKnownFileType = image.png; path = Default.png; sourceTree = "<group>"; };
		0126775D0F7F25CA00CF9C46 /* CoreLocation.framework */ = {isa = PBXFileReference; lastKnownFileType = wrapper.framework; name = CoreLocation.framework; path = System/Library/Frameworks/CoreLocation.framework; sourceTree = SDKROOT; };
		0126785C0F7F3BB900CF9C46 /* CongressDatabaseParser.h */ = {isa = PBXFileReference; fileEncoding = 4; lastKnownFileType = sourcecode.c.h; name = CongressDatabaseParser.h; path = src/congress/CongressDatabaseParser.h; sourceTree = "<group>"; };
		0126785D0F7F3BB900CF9C46 /* CongressDatabaseParser.m */ = {isa = PBXFileReference; fileEncoding = 4; lastKnownFileType = sourcecode.c.objc; name = CongressDatabaseParser.m; path = src/congress/CongressDatabaseParser.m; sourceTree = "<group>"; };
		0126785F0F7F3BD500CF9C46 /* CongressLocationParser.h */ = {isa = PBXFileReference; fileEncoding = 4; lastKnownFileType = sourcecode.c.h; name = CongressLocationParser.h; path = src/congress/CongressLocationParser.h; sourceTree = "<group>"; };
		012678600F7F3BD500CF9C46 /* CongressLocationParser.m */ = {isa = PBXFileReference; fileEncoding = 4; lastKnownFileType = sourcecode.c.objc; name = CongressLocationParser.m; path = src/congress/CongressLocationParser.m; sourceTree = "<group>"; };
		0132E74E0F68D22A00DF33DC /* CongressionalCommittees.h */ = {isa = PBXFileReference; fileEncoding = 4; lastKnownFileType = sourcecode.c.h; name = CongressionalCommittees.h; path = src/congress/CongressionalCommittees.h; sourceTree = "<group>"; };
		0132E74F0F68D22A00DF33DC /* CongressionalCommittees.m */ = {isa = PBXFileReference; fileEncoding = 4; lastKnownFileType = sourcecode.c.objc; name = CongressionalCommittees.m; path = src/congress/CongressionalCommittees.m; sourceTree = "<group>"; };
		0168727B0F7B15EE00D23E78 /* ContractorSpendingData.h */ = {isa = PBXFileReference; fileEncoding = 4; lastKnownFileType = sourcecode.c.h; name = ContractorSpendingData.h; path = src/spending/ContractorSpendingData.h; sourceTree = "<group>"; };
		0168727C0F7B15EE00D23E78 /* ContractorSpendingData.m */ = {isa = PBXFileReference; fileEncoding = 4; lastKnownFileType = sourcecode.c.objc; name = ContractorSpendingData.m; path = src/spending/ContractorSpendingData.m; sourceTree = "<group>"; };
		016873080F7B34E100D23E78 /* ContractorSpendingTableCell.h */ = {isa = PBXFileReference; fileEncoding = 4; lastKnownFileType = sourcecode.c.h; name = ContractorSpendingTableCell.h; path = src/spending/ContractorSpendingTableCell.h; sourceTree = "<group>"; };
		016873090F7B34E100D23E78 /* ContractorSpendingTableCell.m */ = {isa = PBXFileReference; fileEncoding = 4; lastKnownFileType = sourcecode.c.objc; name = ContractorSpendingTableCell.m; path = src/spending/ContractorSpendingTableCell.m; sourceTree = "<group>"; };
		017C224D0F721824008CA4ED /* billsIcon.png */ = {isa = PBXFileReference; lastKnownFileType = image.png; name = billsIcon.png; path = res/billsIcon.png; sourceTree = "<group>"; };
		017C224E0F721824008CA4ED /* congressIcon.png */ = {isa = PBXFileReference; lastKnownFileType = image.png; name = congressIcon.png; path = res/congressIcon.png; sourceTree = "<group>"; };
		017C224F0F721824008CA4ED /* spendingIcon.png */ = {isa = PBXFileReference; lastKnownFileType = image.png; name = spendingIcon.png; path = res/spendingIcon.png; sourceTree = "<group>"; };
		017C22540F721E60008CA4ED /* communityIcon.png */ = {isa = PBXFileReference; lastKnownFileType = image.png; name = communityIcon.png; path = res/communityIcon.png; sourceTree = "<group>"; };
		0190167A0F8551BB00627610 /* BillSummaryXMLParser.h */ = {isa = PBXFileReference; fileEncoding = 4; lastKnownFileType = sourcecode.c.h; name = BillSummaryXMLParser.h; path = src/bills/BillSummaryXMLParser.h; sourceTree = "<group>"; };
		0190167B0F8551BB00627610 /* BillSummaryXMLParser.m */ = {isa = PBXFileReference; fileEncoding = 4; lastKnownFileType = sourcecode.c.objc; name = BillSummaryXMLParser.m; path = src/bills/BillSummaryXMLParser.m; sourceTree = "<group>"; };
		019017650F85760A00627610 /* BillSummaryTableCell.h */ = {isa = PBXFileReference; fileEncoding = 4; lastKnownFileType = sourcecode.c.h; name = BillSummaryTableCell.h; path = src/bills/BillSummaryTableCell.h; sourceTree = "<group>"; };
		019017660F85760A00627610 /* BillSummaryTableCell.m */ = {isa = PBXFileReference; fileEncoding = 4; lastKnownFileType = sourcecode.c.objc; name = BillSummaryTableCell.m; path = src/bills/BillSummaryTableCell.m; sourceTree = "<group>"; };
		01B118340F709EC70076AFE0 /* StateAbbreviations.h */ = {isa = PBXFileReference; fileEncoding = 4; lastKnownFileType = sourcecode.c.h; name = StateAbbreviations.h; path = src/common/StateAbbreviations.h; sourceTree = "<group>"; };
		01B118350F709EC70076AFE0 /* StateAbbreviations.m */ = {isa = PBXFileReference; fileEncoding = 4; lastKnownFileType = sourcecode.c.objc; name = StateAbbreviations.m; path = src/common/StateAbbreviations.m; sourceTree = "<group>"; };
		01B119050F70B71E0076AFE0 /* SpendingDataManager.h */ = {isa = PBXFileReference; fileEncoding = 4; lastKnownFileType = sourcecode.c.h; name = SpendingDataManager.h; path = src/spending/SpendingDataManager.h; sourceTree = "<group>"; };
		01B119060F70B71E0076AFE0 /* SpendingDataManager.m */ = {isa = PBXFileReference; fileEncoding = 4; lastKnownFileType = sourcecode.c.objc; name = SpendingDataManager.m; path = src/spending/SpendingDataManager.m; sourceTree = "<group>"; };
		01B119420F70BD560076AFE0 /* location_overlay.png */ = {isa = PBXFileReference; lastKnownFileType = image.png; name = location_overlay.png; path = res/location_overlay.png; sourceTree = "<group>"; };
		01B119430F70BD560076AFE0 /* USStates.plist */ = {isa = PBXFileReference; fileEncoding = 4; lastKnownFileType = text.plist.xml; name = USStates.plist; path = res/USStates.plist; sourceTree = "<group>"; };
		01B4E05D0F6449BB00219672 /* ProgressOverlayViewController.h */ = {isa = PBXFileReference; fileEncoding = 4; lastKnownFileType = sourcecode.c.h; name = ProgressOverlayViewController.h; path = src/common/ProgressOverlayViewController.h; sourceTree = "<group>"; };
		01B4E05E0F6449BB00219672 /* ProgressOverlayViewController.m */ = {isa = PBXFileReference; fileEncoding = 4; lastKnownFileType = sourcecode.c.objc; name = ProgressOverlayViewController.m; path = src/common/ProgressOverlayViewController.m; sourceTree = "<group>"; };
		01B4E21F0F64D6EC00219672 /* LegislatorHeaderView.xib */ = {isa = PBXFileReference; lastKnownFileType = file.xib; name = LegislatorHeaderView.xib; path = src/congress/LegislatorHeaderView.xib; sourceTree = "<group>"; };
		01B4E2210F64D88000219672 /* LegislatorHeaderViewController.h */ = {isa = PBXFileReference; fileEncoding = 4; lastKnownFileType = sourcecode.c.h; name = LegislatorHeaderViewController.h; path = src/congress/LegislatorHeaderViewController.h; sourceTree = "<group>"; };
		01B4E2220F64D88000219672 /* LegislatorHeaderViewController.m */ = {isa = PBXFileReference; fileEncoding = 4; lastKnownFileType = sourcecode.c.objc; name = LegislatorHeaderViewController.m; path = src/congress/LegislatorHeaderViewController.m; sourceTree = "<group>"; };
		01BB719F0F7712C900E7065F /* PlaceSpendingData.h */ = {isa = PBXFileReference; fileEncoding = 4; lastKnownFileType = sourcecode.c.h; name = PlaceSpendingData.h; path = src/spending/PlaceSpendingData.h; sourceTree = "<group>"; };
		01BB71A00F7712C900E7065F /* PlaceSpendingData.m */ = {isa = PBXFileReference; fileEncoding = 4; lastKnownFileType = sourcecode.c.objc; name = PlaceSpendingData.m; path = src/spending/PlaceSpendingData.m; sourceTree = "<group>"; };
		01BB72440F773FD700E7065F /* PlaceSpendingTableCell.h */ = {isa = PBXFileReference; fileEncoding = 4; lastKnownFileType = sourcecode.c.h; name = PlaceSpendingTableCell.h; path = src/spending/PlaceSpendingTableCell.h; sourceTree = "<group>"; };
		01BB72450F773FD700E7065F /* PlaceSpendingTableCell.m */ = {isa = PBXFileReference; fileEncoding = 4; lastKnownFileType = sourcecode.c.objc; name = PlaceSpendingTableCell.m; path = src/spending/PlaceSpendingTableCell.m; sourceTree = "<group>"; };
		01BC2FA80F5B84AD00E7ABD0 /* XMLParserOperation.h */ = {isa = PBXFileReference; fileEncoding = 4; lastKnownFileType = sourcecode.c.h; name = XMLParserOperation.h; path = src/common/XMLParserOperation.h; sourceTree = "<group>"; };
		01BC2FA90F5B84AD00E7ABD0 /* XMLParserOperation.m */ = {isa = PBXFileReference; fileEncoding = 4; lastKnownFileType = sourcecode.c.objc; name = XMLParserOperation.m; path = src/common/XMLParserOperation.m; sourceTree = "<group>"; };
		01BC2FDF0F5B973B00E7ABD0 /* CongressDataManager.h */ = {isa = PBXFileReference; fileEncoding = 4; lastKnownFileType = sourcecode.c.h; name = CongressDataManager.h; path = src/congress/CongressDataManager.h; sourceTree = "<group>"; };
		01BC2FE00F5B973B00E7ABD0 /* CongressDataManager.m */ = {isa = PBXFileReference; fileEncoding = 4; lastKnownFileType = sourcecode.c.objc; name = CongressDataManager.m; path = src/congress/CongressDataManager.m; sourceTree = "<group>"; };
		01BC2FEA0F5BA34000E7ABD0 /* LegislatorContainer.h */ = {isa = PBXFileReference; fileEncoding = 4; lastKnownFileType = sourcecode.c.h; name = LegislatorContainer.h; path = src/congress/LegislatorContainer.h; sourceTree = "<group>"; };
		01BC2FEB0F5BA34000E7ABD0 /* LegislatorContainer.m */ = {isa = PBXFileReference; fileEncoding = 4; lastKnownFileType = sourcecode.c.objc; name = LegislatorContainer.m; path = src/congress/LegislatorContainer.m; sourceTree = "<group>"; };
		01C43CDF0F662D0B00F8A025 /* BillsViewController.h */ = {isa = PBXFileReference; fileEncoding = 4; lastKnownFileType = sourcecode.c.h; name = BillsViewController.h; path = src/bills/BillsViewController.h; sourceTree = "<group>"; };
		01C43CE00F662D0B00F8A025 /* BillsViewController.m */ = {isa = PBXFileReference; fileEncoding = 4; lastKnownFileType = sourcecode.c.objc; name = BillsViewController.m; path = src/bills/BillsViewController.m; sourceTree = "<group>"; };
		01C43D000F662E3300F8A025 /* LegislatorNameCell.h */ = {isa = PBXFileReference; fileEncoding = 4; lastKnownFileType = sourcecode.c.h; name = LegislatorNameCell.h; path = src/congress/LegislatorNameCell.h; sourceTree = "<group>"; };
		01C43D010F662E3300F8A025 /* LegislatorNameCell.m */ = {isa = PBXFileReference; fileEncoding = 4; lastKnownFileType = sourcecode.c.objc; name = LegislatorNameCell.m; path = src/congress/LegislatorNameCell.m; sourceTree = "<group>"; };
		01E1D9E50F80817E008B3711 /* BillsDataManager.h */ = {isa = PBXFileReference; fileEncoding = 4; lastKnownFileType = sourcecode.c.h; name = BillsDataManager.h; path = src/bills/BillsDataManager.h; sourceTree = "<group>"; };
		01E1D9E60F80817E008B3711 /* BillsDataManager.m */ = {isa = PBXFileReference; fileEncoding = 4; lastKnownFileType = sourcecode.c.objc; name = BillsDataManager.m; path = src/bills/BillsDataManager.m; sourceTree = "<group>"; };
		01E1DA070F8085D3008B3711 /* BillContainer.h */ = {isa = PBXFileReference; fileEncoding = 4; lastKnownFileType = sourcecode.c.h; name = BillContainer.h; path = src/bills/BillContainer.h; sourceTree = "<group>"; };
		01E1DA080F8085D3008B3711 /* BillContainer.m */ = {isa = PBXFileReference; fileEncoding = 4; lastKnownFileType = sourcecode.c.objc; name = BillContainer.m; path = src/bills/BillContainer.m; sourceTree = "<group>"; };
		01EDDF9D0F6363D00098A7B6 /* LegislatorViewController.h */ = {isa = PBXFileReference; fileEncoding = 4; lastKnownFileType = sourcecode.c.h; name = LegislatorViewController.h; path = src/congress/LegislatorViewController.h; sourceTree = "<group>"; };
		01EDDF9E0F6363D00098A7B6 /* LegislatorViewController.m */ = {isa = PBXFileReference; fileEncoding = 4; lastKnownFileType = sourcecode.c.objc; name = LegislatorViewController.m; path = src/congress/LegislatorViewController.m; sourceTree = "<group>"; };
		01EDDFC60F6380020098A7B6 /* LegislatorInfoCell.h */ = {isa = PBXFileReference; fileEncoding = 4; lastKnownFileType = sourcecode.c.h; name = LegislatorInfoCell.h; path = src/congress/LegislatorInfoCell.h; sourceTree = "<group>"; };
		01EDDFC70F6380020098A7B6 /* LegislatorInfoCell.m */ = {isa = PBXFileReference; fileEncoding = 4; lastKnownFileType = sourcecode.c.objc; name = LegislatorInfoCell.m; path = src/congress/LegislatorInfoCell.m; sourceTree = "<group>"; };
		0461A0580F5A471400BE17FF /* CommunityItem.h */ = {isa = PBXFileReference; fileEncoding = 4; lastKnownFileType = sourcecode.c.h; path = CommunityItem.h; sourceTree = "<group>"; };
		0461A0590F5A471400BE17FF /* CommunityItem.m */ = {isa = PBXFileReference; fileEncoding = 4; lastKnownFileType = sourcecode.c.objc; path = CommunityItem.m; sourceTree = "<group>"; };
		04B603100F59BE3000815A86 /* CommunityViewController.h */ = {isa = PBXFileReference; fileEncoding = 4; lastKnownFileType = sourcecode.c.h; path = CommunityViewController.h; sourceTree = "<group>"; };
		04B603110F59BE3000815A86 /* CommunityViewController.m */ = {isa = PBXFileReference; fileEncoding = 4; lastKnownFileType = sourcecode.c.objc; path = CommunityViewController.m; sourceTree = "<group>"; };
		04B603920F5A1A2700815A86 /* CommunityTableViewCell.h */ = {isa = PBXFileReference; fileEncoding = 4; lastKnownFileType = sourcecode.c.h; path = CommunityTableViewCell.h; sourceTree = "<group>"; };
		04B603930F5A1A2700815A86 /* CommunityTableViewCell.m */ = {isa = PBXFileReference; fileEncoding = 4; lastKnownFileType = sourcecode.c.objc; path = CommunityTableViewCell.m; sourceTree = "<group>"; };
		04B603950F5A1A6C00815A86 /* CommunityItemView.h */ = {isa = PBXFileReference; fileEncoding = 4; lastKnownFileType = sourcecode.c.h; path = CommunityItemView.h; sourceTree = "<group>"; };
		04B603960F5A1A6C00815A86 /* CommunityItemView.m */ = {isa = PBXFileReference; fileEncoding = 4; lastKnownFileType = sourcecode.c.objc; path = CommunityItemView.m; sourceTree = "<group>"; };
		1D30AB110D05D00D00671497 /* Foundation.framework */ = {isa = PBXFileReference; lastKnownFileType = wrapper.framework; name = Foundation.framework; path = System/Library/Frameworks/Foundation.framework; sourceTree = SDKROOT; };
		1D6058910D05DD3D006BFB54 /* myGovernment.app */ = {isa = PBXFileReference; explicitFileType = wrapper.application; includeInIndex = 0; path = myGovernment.app; sourceTree = BUILT_PRODUCTS_DIR; };
		1DF5F4DF0D08C38300B7A737 /* UIKit.framework */ = {isa = PBXFileReference; lastKnownFileType = wrapper.framework; name = UIKit.framework; path = System/Library/Frameworks/UIKit.framework; sourceTree = SDKROOT; };
		288765070DF74369002DB57D /* CoreGraphics.framework */ = {isa = PBXFileReference; lastKnownFileType = wrapper.framework; name = CoreGraphics.framework; path = System/Library/Frameworks/CoreGraphics.framework; sourceTree = SDKROOT; };
		8D1107310486CEB800E47090 /* Info.plist */ = {isa = PBXFileReference; fileEncoding = 4; lastKnownFileType = text.plist.xml; path = Info.plist; sourceTree = "<group>"; };
/* End PBXFileReference section */

/* Begin PBXFrameworksBuildPhase section */
		1D60588F0D05DD3D006BFB54 /* Frameworks */ = {
			isa = PBXFrameworksBuildPhase;
			buildActionMask = 2147483647;
			files = (
				1D60589F0D05DD5A006BFB54 /* Foundation.framework in Frameworks */,
				1DF5F4E00D08C38300B7A737 /* UIKit.framework in Frameworks */,
				288765080DF74369002DB57D /* CoreGraphics.framework in Frameworks */,
				0126775E0F7F25CA00CF9C46 /* CoreLocation.framework in Frameworks */,
			);
			runOnlyForDeploymentPostprocessing = 0;
		};
/* End PBXFrameworksBuildPhase section */

/* Begin PBXGroup section */
		0102D2D90F58DB5D005AE0EA /* src */ = {
			isa = PBXGroup;
			children = (
				01BC2FA00F5B840F00E7ABD0 /* common */,
				0102D2DE0F58DB87005AE0EA /* bills */,
				0102D2DD0F58DB80005AE0EA /* recovery */,
				0102D2DC0F58DB79005AE0EA /* spending */,
				0102D2DB0F58DB72005AE0EA /* community */,
				0102D2DA0F58DB6B005AE0EA /* congress */,
			);
			name = src;
			sourceTree = "<group>";
		};
		0102D2DA0F58DB6B005AE0EA /* congress */ = {
			isa = PBXGroup;
			children = (
				0102D4090F58F2D2005AE0EA /* CongressViewController.h */,
				0102D40A0F58F2D2005AE0EA /* CongressViewController.m */,
				01BC2FDF0F5B973B00E7ABD0 /* CongressDataManager.h */,
				01BC2FE00F5B973B00E7ABD0 /* CongressDataManager.m */,
				01BC2FEA0F5BA34000E7ABD0 /* LegislatorContainer.h */,
				01BC2FEB0F5BA34000E7ABD0 /* LegislatorContainer.m */,
				01EDDF9D0F6363D00098A7B6 /* LegislatorViewController.h */,
				01EDDF9E0F6363D00098A7B6 /* LegislatorViewController.m */,
				01EDDFC60F6380020098A7B6 /* LegislatorInfoCell.h */,
				01EDDFC70F6380020098A7B6 /* LegislatorInfoCell.m */,
				01B4E21F0F64D6EC00219672 /* LegislatorHeaderView.xib */,
				01B4E2210F64D88000219672 /* LegislatorHeaderViewController.h */,
				01B4E2220F64D88000219672 /* LegislatorHeaderViewController.m */,
				01C43D000F662E3300F8A025 /* LegislatorNameCell.h */,
				01C43D010F662E3300F8A025 /* LegislatorNameCell.m */,
				0132E74E0F68D22A00DF33DC /* CongressionalCommittees.h */,
				0132E74F0F68D22A00DF33DC /* CongressionalCommittees.m */,
				0126785C0F7F3BB900CF9C46 /* CongressDatabaseParser.h */,
				0126785D0F7F3BB900CF9C46 /* CongressDatabaseParser.m */,
				0126785F0F7F3BD500CF9C46 /* CongressLocationParser.h */,
				012678600F7F3BD500CF9C46 /* CongressLocationParser.m */,
			);
			name = congress;
			sourceTree = "<group>";
		};
		0102D2DB0F58DB72005AE0EA /* community */ = {
			isa = PBXGroup;
			children = (
				04B603100F59BE3000815A86 /* CommunityViewController.h */,
				04B603110F59BE3000815A86 /* CommunityViewController.m */,
				04B603920F5A1A2700815A86 /* CommunityTableViewCell.h */,
				04B603930F5A1A2700815A86 /* CommunityTableViewCell.m */,
				04B603950F5A1A6C00815A86 /* CommunityItemView.h */,
				04B603960F5A1A6C00815A86 /* CommunityItemView.m */,
				0461A0580F5A471400BE17FF /* CommunityItem.h */,
				0461A0590F5A471400BE17FF /* CommunityItem.m */,
			);
			name = community;
			path = src/community;
			sourceTree = "<group>";
		};
		0102D2DC0F58DB79005AE0EA /* spending */ = {
			isa = PBXGroup;
			children = (
				01BB719F0F7712C900E7065F /* PlaceSpendingData.h */,
				01BB71A00F7712C900E7065F /* PlaceSpendingData.m */,
				0102D3000F58E31C005AE0EA /* SpendingViewController.h */,
				0102D3010F58E31C005AE0EA /* SpendingViewController.m */,
				01B119050F70B71E0076AFE0 /* SpendingDataManager.h */,
				01B119060F70B71E0076AFE0 /* SpendingDataManager.m */,
				01BB72440F773FD700E7065F /* PlaceSpendingTableCell.h */,
				01BB72450F773FD700E7065F /* PlaceSpendingTableCell.m */,
				0168727B0F7B15EE00D23E78 /* ContractorSpendingData.h */,
				0168727C0F7B15EE00D23E78 /* ContractorSpendingData.m */,
				016873080F7B34E100D23E78 /* ContractorSpendingTableCell.h */,
				016873090F7B34E100D23E78 /* ContractorSpendingTableCell.m */,
			);
			name = spending;
			sourceTree = "<group>";
		};
		0102D2DD0F58DB80005AE0EA /* recovery */ = {
			isa = PBXGroup;
			children = (
				0102D2F10F58E007005AE0EA /* RecoveryView.xib */,
				0102D2F30F58E028005AE0EA /* RecoveryViewController.h */,
				0102D2F40F58E028005AE0EA /* RecoveryViewController.m */,
			);
			name = recovery;
			sourceTree = "<group>";
		};
		0102D2DE0F58DB87005AE0EA /* bills */ = {
			isa = PBXGroup;
			children = (
				01C43CDF0F662D0B00F8A025 /* BillsViewController.h */,
				01C43CE00F662D0B00F8A025 /* BillsViewController.m */,
				01E1D9E50F80817E008B3711 /* BillsDataManager.h */,
				01E1D9E60F80817E008B3711 /* BillsDataManager.m */,
				01E1DA070F8085D3008B3711 /* BillContainer.h */,
				01E1DA080F8085D3008B3711 /* BillContainer.m */,
				0190167A0F8551BB00627610 /* BillSummaryXMLParser.h */,
				0190167B0F8551BB00627610 /* BillSummaryXMLParser.m */,
				019017650F85760A00627610 /* BillSummaryTableCell.h */,
				019017660F85760A00627610 /* BillSummaryTableCell.m */,
			);
			name = bills;
			sourceTree = "<group>";
		};
		01BC2FA00F5B840F00E7ABD0 /* common */ = {
			isa = PBXGroup;
			children = (
				01BC2FA80F5B84AD00E7ABD0 /* XMLParserOperation.h */,
				01BC2FA90F5B84AD00E7ABD0 /* XMLParserOperation.m */,
				01B4E05D0F6449BB00219672 /* ProgressOverlayViewController.h */,
				01B4E05E0F6449BB00219672 /* ProgressOverlayViewController.m */,
				01B118340F709EC70076AFE0 /* StateAbbreviations.h */,
				01B118350F709EC70076AFE0 /* StateAbbreviations.m */,
			);
			name = common;
			sourceTree = "<group>";
		};
		19C28FACFE9D520D11CA2CBB /* Products */ = {
			isa = PBXGroup;
			children = (
				1D6058910D05DD3D006BFB54 /* myGovernment.app */,
			);
			name = Products;
			sourceTree = "<group>";
		};
		29B97314FDCFA39411CA2CEA /* myGov */ = {
			isa = PBXGroup;
			children = (
				0102D2D90F58DB5D005AE0EA /* src */,
				29B97317FDCFA39411CA2CEA /* Resources */,
				29B97323FDCFA39411CA2CEA /* Frameworks */,
				19C28FACFE9D520D11CA2CBB /* Products */,
			);
			name = myGov;
			sourceTree = "<group>";
		};
		29B97317FDCFA39411CA2CEA /* Resources */ = {
			isa = PBXGroup;
			children = (
				017C22540F721E60008CA4ED /* communityIcon.png */,
				017C224D0F721824008CA4ED /* billsIcon.png */,
				017C224E0F721824008CA4ED /* congressIcon.png */,
				017C224F0F721824008CA4ED /* spendingIcon.png */,
				01B119420F70BD560076AFE0 /* location_overlay.png */,
				01B119430F70BD560076AFE0 /* USStates.plist */,
				011592C30F6A36D2008BECCD /* Default.png */,
				0102D2ED0F58DECD005AE0EA /* eagleIcon.png */,
				0102D2CC0F58D7C7005AE0EA /* main.m */,
				0102D2CD0F58D7C7005AE0EA /* MainWindow.xib */,
				0102D2CE0F58D7C7005AE0EA /* myGov_Prefix.pch */,
				0102D2CF0F58D7C7005AE0EA /* myGovAppDelegate.h */,
				0102D2D00F58D7C7005AE0EA /* myGovAppDelegate.m */,
				8D1107310486CEB800E47090 /* Info.plist */,
			);
			name = Resources;
			sourceTree = "<group>";
		};
		29B97323FDCFA39411CA2CEA /* Frameworks */ = {
			isa = PBXGroup;
			children = (
				0126775D0F7F25CA00CF9C46 /* CoreLocation.framework */,
				1DF5F4DF0D08C38300B7A737 /* UIKit.framework */,
				1D30AB110D05D00D00671497 /* Foundation.framework */,
				288765070DF74369002DB57D /* CoreGraphics.framework */,
			);
			name = Frameworks;
			sourceTree = "<group>";
		};
/* End PBXGroup section */

/* Begin PBXNativeTarget section */
		1D6058900D05DD3D006BFB54 /* myGovernment */ = {
			isa = PBXNativeTarget;
			buildConfigurationList = 1D6058960D05DD3E006BFB54 /* Build configuration list for PBXNativeTarget "myGovernment" */;
			buildPhases = (
				1D60588D0D05DD3D006BFB54 /* Resources */,
				1D60588E0D05DD3D006BFB54 /* Sources */,
				1D60588F0D05DD3D006BFB54 /* Frameworks */,
			);
			buildRules = (
			);
			dependencies = (
			);
			name = myGovernment;
			productName = myGov;
			productReference = 1D6058910D05DD3D006BFB54 /* myGovernment.app */;
			productType = "com.apple.product-type.application";
		};
/* End PBXNativeTarget section */

/* Begin PBXProject section */
		29B97313FDCFA39411CA2CEA /* Project object */ = {
			isa = PBXProject;
			buildConfigurationList = C01FCF4E08A954540054247B /* Build configuration list for PBXProject "myGovernment" */;
			compatibilityVersion = "Xcode 3.1";
			hasScannedForEncodings = 1;
			mainGroup = 29B97314FDCFA39411CA2CEA /* myGov */;
			projectDirPath = "";
			projectRoot = "";
			targets = (
				1D6058900D05DD3D006BFB54 /* myGovernment */,
			);
		};
/* End PBXProject section */

/* Begin PBXResourcesBuildPhase section */
		1D60588D0D05DD3D006BFB54 /* Resources */ = {
			isa = PBXResourcesBuildPhase;
			buildActionMask = 2147483647;
			files = (
				0102D2D20F58D7C7005AE0EA /* MainWindow.xib in Resources */,
				0102D2EE0F58DECD005AE0EA /* eagleIcon.png in Resources */,
				0102D2F20F58E007005AE0EA /* RecoveryView.xib in Resources */,
				01B4E2200F64D6EC00219672 /* LegislatorHeaderView.xib in Resources */,
				011592C40F6A36D2008BECCD /* Default.png in Resources */,
				01B119440F70BD560076AFE0 /* location_overlay.png in Resources */,
				01B119450F70BD560076AFE0 /* USStates.plist in Resources */,
				017C22500F721824008CA4ED /* billsIcon.png in Resources */,
				017C22510F721824008CA4ED /* congressIcon.png in Resources */,
				017C22520F721824008CA4ED /* spendingIcon.png in Resources */,
				017C22550F721E60008CA4ED /* communityIcon.png in Resources */,
			);
			runOnlyForDeploymentPostprocessing = 0;
		};
/* End PBXResourcesBuildPhase section */

/* Begin PBXSourcesBuildPhase section */
		1D60588E0D05DD3D006BFB54 /* Sources */ = {
			isa = PBXSourcesBuildPhase;
			buildActionMask = 2147483647;
			files = (
				0102D2D10F58D7C7005AE0EA /* main.m in Sources */,
				0102D2D30F58D7C7005AE0EA /* myGovAppDelegate.m in Sources */,
				0102D2F50F58E028005AE0EA /* RecoveryViewController.m in Sources */,
				0102D3020F58E31C005AE0EA /* SpendingViewController.m in Sources */,
				0102D40B0F58F2D2005AE0EA /* CongressViewController.m in Sources */,
				04B603120F59BE3000815A86 /* CommunityViewController.m in Sources */,
				04B603940F5A1A2700815A86 /* CommunityTableViewCell.m in Sources */,
				04B603970F5A1A6C00815A86 /* CommunityItemView.m in Sources */,
				0461A05A0F5A471400BE17FF /* CommunityItem.m in Sources */,
				01BC2FAA0F5B84AD00E7ABD0 /* XMLParserOperation.m in Sources */,
				01BC2FE10F5B973B00E7ABD0 /* CongressDataManager.m in Sources */,
				01BC2FEC0F5BA34000E7ABD0 /* LegislatorContainer.m in Sources */,
				01EDDF9F0F6363D00098A7B6 /* LegislatorViewController.m in Sources */,
				01EDDFC80F6380020098A7B6 /* LegislatorInfoCell.m in Sources */,
				01B4E05F0F6449BB00219672 /* ProgressOverlayViewController.m in Sources */,
				01B4E2230F64D88000219672 /* LegislatorHeaderViewController.m in Sources */,
				01C43CE10F662D0B00F8A025 /* BillsViewController.m in Sources */,
				01C43D020F662E3300F8A025 /* LegislatorNameCell.m in Sources */,
				0132E7500F68D22A00DF33DC /* CongressionalCommittees.m in Sources */,
				01B118360F709EC70076AFE0 /* StateAbbreviations.m in Sources */,
				01B119070F70B71E0076AFE0 /* SpendingDataManager.m in Sources */,
				01BB71A10F7712C900E7065F /* PlaceSpendingData.m in Sources */,
				01BB72460F773FD700E7065F /* PlaceSpendingTableCell.m in Sources */,
				0168727D0F7B15EE00D23E78 /* ContractorSpendingData.m in Sources */,
				0168730A0F7B34E100D23E78 /* ContractorSpendingTableCell.m in Sources */,
				0126785E0F7F3BB900CF9C46 /* CongressDatabaseParser.m in Sources */,
				012678610F7F3BD500CF9C46 /* CongressLocationParser.m in Sources */,
				01E1D9E70F80817E008B3711 /* BillsDataManager.m in Sources */,
				01E1DA090F8085D3008B3711 /* BillContainer.m in Sources */,
				0190167C0F8551BB00627610 /* BillSummaryXMLParser.m in Sources */,
				019017670F85760A00627610 /* BillSummaryTableCell.m in Sources */,
			);
			runOnlyForDeploymentPostprocessing = 0;
		};
/* End PBXSourcesBuildPhase section */

/* Begin XCBuildConfiguration section */
		1D6058940D05DD3E006BFB54 /* Debug */ = {
			isa = XCBuildConfiguration;
			buildSettings = {
				ALWAYS_SEARCH_USER_PATHS = NO;
				COPY_PHASE_STRIP = NO;
				GCC_DYNAMIC_NO_PIC = NO;
				GCC_OPTIMIZATION_LEVEL = 0;
				GCC_PRECOMPILE_PREFIX_HEADER = YES;
				GCC_PREFIX_HEADER = src/myGov_Prefix.pch;
				INFOPLIST_FILE = Info.plist;
				PRODUCT_NAME = myGovernment;
			};
			name = Debug;
		};
		1D6058950D05DD3E006BFB54 /* Release */ = {
			isa = XCBuildConfiguration;
			buildSettings = {
				ALWAYS_SEARCH_USER_PATHS = NO;
				COPY_PHASE_STRIP = YES;
				GCC_PRECOMPILE_PREFIX_HEADER = YES;
				GCC_PREFIX_HEADER = src/myGov_Prefix.pch;
				INFOPLIST_FILE = Info.plist;
				PRODUCT_NAME = myGovernment;
			};
			name = Release;
		};
		C01FCF4F08A954540054247B /* Debug */ = {
			isa = XCBuildConfiguration;
			buildSettings = {
				ARCHS = "$(ARCHS_STANDARD_32_BIT)";
				"CODE_SIGN_IDENTITY[sdk=iphoneos*]" = "iPhone Developer";
				GCC_C_LANGUAGE_STANDARD = c99;
				GCC_WARN_ABOUT_RETURN_TYPE = YES;
				GCC_WARN_UNUSED_VARIABLE = YES;
				ONLY_ACTIVE_ARCH = YES;
				PREBINDING = NO;
				SDKROOT = iphoneos2.2.1;
			};
			name = Debug;
		};
		C01FCF5008A954540054247B /* Release */ = {
			isa = XCBuildConfiguration;
			buildSettings = {
				ARCHS = "$(ARCHS_STANDARD_32_BIT)";
				"CODE_SIGN_IDENTITY[sdk=iphoneos*]" = "iPhone Developer";
				GCC_C_LANGUAGE_STANDARD = c99;
				GCC_WARN_ABOUT_RETURN_TYPE = YES;
				GCC_WARN_UNUSED_VARIABLE = YES;
				PREBINDING = NO;
				SDKROOT = iphoneos2.2.1;
			};
			name = Release;
		};
/* End XCBuildConfiguration section */

/* Begin XCConfigurationList section */
		1D6058960D05DD3E006BFB54 /* Build configuration list for PBXNativeTarget "myGovernment" */ = {
			isa = XCConfigurationList;
			buildConfigurations = (
				1D6058940D05DD3E006BFB54 /* Debug */,
				1D6058950D05DD3E006BFB54 /* Release */,
			);
			defaultConfigurationIsVisible = 0;
			defaultConfigurationName = Release;
		};
		C01FCF4E08A954540054247B /* Build configuration list for PBXProject "myGovernment" */ = {
			isa = XCConfigurationList;
			buildConfigurations = (
				C01FCF4F08A954540054247B /* Debug */,
				C01FCF5008A954540054247B /* Release */,
			);
			defaultConfigurationIsVisible = 0;
			defaultConfigurationName = Release;
		};
/* End XCConfigurationList section */
	};
	rootObject = 29B97313FDCFA39411CA2CEA /* Project object */;
}
