// !$*UTF8*$!
{
	archiveVersion = 1;
	classes = {
	};
	objectVersion = 45;
	objects = {

/* Begin PBXBuildFile section */
		0102D2EE0F58DECD005AE0EA /* eagleIcon.png in Resources */ = {isa = PBXBuildFile; fileRef = 0102D2ED0F58DECD005AE0EA /* eagleIcon.png */; };
		011592C40F6A36D2008BECCD /* Default.png in Resources */ = {isa = PBXBuildFile; fileRef = 011592C30F6A36D2008BECCD /* Default.png */; };
		01178E2911D84C470068673A /* BillSummaryTableCell.xib in Resources */ = {isa = PBXBuildFile; fileRef = 01178E2811D84C470068673A /* BillSummaryTableCell.xib */; };
		01178E7911D85B160068673A /* LocateAlertView.xib in Resources */ = {isa = PBXBuildFile; fileRef = 01178E7811D85B160068673A /* LocateAlertView.xib */; };
		01178E8011D85C320068673A /* LocateAlertView.m in Sources */ = {isa = PBXBuildFile; fileRef = 01178E7F11D85C320068673A /* LocateAlertView.m */; };
		0126775E0F7F25CA00CF9C46 /* CoreLocation.framework in Frameworks */ = {isa = PBXBuildFile; fileRef = 0126775D0F7F25CA00CF9C46 /* CoreLocation.framework */; };
		012855160FAEA2D400E2B55E /* mygov_login_header.png in Resources */ = {isa = PBXBuildFile; fileRef = 012855150FAEA2D400E2B55E /* mygov_login_header.png */; };
		012D5AD20FA6C098006DA53F /* system_avatar.png in Resources */ = {isa = PBXBuildFile; fileRef = 012D5AD10FA6C098006DA53F /* system_avatar.png */; };
		01526E3C10BCCC7C00445CF2 /* safariButton.png in Resources */ = {isa = PBXBuildFile; fileRef = 01526E3B10BCCC7C00445CF2 /* safariButton.png */; };
		01526F0B10BCE39800445CF2 /* personIcon.png in Resources */ = {isa = PBXBuildFile; fileRef = 01526F0A10BCE39800445CF2 /* personIcon.png */; };
		0178E3AF0F944AFF00B96BD1 /* Settings.bundle in Resources */ = {isa = PBXBuildFile; fileRef = 0178E3AE0F944AFF00B96BD1 /* Settings.bundle */; };
		017C22500F721824008CA4ED /* billsIcon.png in Resources */ = {isa = PBXBuildFile; fileRef = 017C224D0F721824008CA4ED /* billsIcon.png */; };
		017C22510F721824008CA4ED /* congressIcon.png in Resources */ = {isa = PBXBuildFile; fileRef = 017C224E0F721824008CA4ED /* congressIcon.png */; };
		017C22520F721824008CA4ED /* spendingIcon.png in Resources */ = {isa = PBXBuildFile; fileRef = 017C224F0F721824008CA4ED /* spendingIcon.png */; };
		017C22550F721E60008CA4ED /* communityIcon.png in Resources */ = {isa = PBXBuildFile; fileRef = 017C22540F721E60008CA4ED /* communityIcon.png */; };
		01849D8011C5C08C000CB52F /* LegislatorNameCell.xib in Resources */ = {isa = PBXBuildFile; fileRef = 01849D7F11C5C08C000CB52F /* LegislatorNameCell.xib */; };
		01849D8811C5CC93000CB52F /* CongressViewController.xib in Resources */ = {isa = PBXBuildFile; fileRef = 01849D8711C5CC93000CB52F /* CongressViewController.xib */; };
		01849E3611C5F0E5000CB52F /* MessageUI.framework in Frameworks */ = {isa = PBXBuildFile; fileRef = 01849E3511C5F0E5000CB52F /* MessageUI.framework */; };
		01849E7E11C5F6D6000CB52F /* CustomTableCell.xib in Resources */ = {isa = PBXBuildFile; fileRef = 01849E7D11C5F6D6000CB52F /* CustomTableCell.xib */; };
		01ACAEF50FA80DA100B6FF59 /* communityEventIcon.png in Resources */ = {isa = PBXBuildFile; fileRef = 01ACAEF30FA80DA100B6FF59 /* communityEventIcon.png */; };
		01ACAF370FA8119C00B6FF59 /* CommunityDetailViewController.m in Sources */ = {isa = PBXBuildFile; fileRef = 01ACAF360FA8119C00B6FF59 /* CommunityDetailViewController.m */; };
		01ACAF3A0FA811B800B6FF59 /* CommunityDetailData.m in Sources */ = {isa = PBXBuildFile; fileRef = 01ACAF390FA811B800B6FF59 /* CommunityDetailData.m */; };
		01ACB0670FA8434900B6FF59 /* CDetailHeaderView.xib in Resources */ = {isa = PBXBuildFile; fileRef = 01ACB0640FA8434900B6FF59 /* CDetailHeaderView.xib */; };
		01ACB0680FA8434900B6FF59 /* CDetailHeaderViewController.m in Sources */ = {isa = PBXBuildFile; fileRef = 01ACB0660FA8434900B6FF59 /* CDetailHeaderViewController.m */; };
		01B119440F70BD560076AFE0 /* location_overlay.png in Resources */ = {isa = PBXBuildFile; fileRef = 01B119420F70BD560076AFE0 /* location_overlay.png */; };
		01B119450F70BD560076AFE0 /* USStates.plist in Resources */ = {isa = PBXBuildFile; fileRef = 01B119430F70BD560076AFE0 /* USStates.plist */; };
		01B374780FB7568600DDA991 /* eagleIcon_32x32.png in Resources */ = {isa = PBXBuildFile; fileRef = 01B374760FB7568600DDA991 /* eagleIcon_32x32.png */; };
		01B374790FB7568600DDA991 /* eagleIcon_57x57.png in Resources */ = {isa = PBXBuildFile; fileRef = 01B374770FB7568600DDA991 /* eagleIcon_57x57.png */; };
		01B61CF80FAA8A37007E10E6 /* refreshIcon.png in Resources */ = {isa = PBXBuildFile; fileRef = 01B61CF70FAA8A37007E10E6 /* refreshIcon.png */; };
		01B61DAD0FAA96ED007E10E6 /* MyGovLoginView.xib in Resources */ = {isa = PBXBuildFile; fileRef = 01B61DAC0FAA96ED007E10E6 /* MyGovLoginView.xib */; };
		01B61DB00FAA9701007E10E6 /* MyGovLoginViewController.m in Sources */ = {isa = PBXBuildFile; fileRef = 01B61DAF0FAA9701007E10E6 /* MyGovLoginViewController.m */; };
		01B6C79D0FA56FE5000CEF90 /* JeremyaStaticDataSource.m in Sources */ = {isa = PBXBuildFile; fileRef = 01B6C79C0FA56FE5000CEF90 /* JeremyaStaticDataSource.m */; };
		01B6C7B90FA57319000CEF90 /* MyGovUserData.m in Sources */ = {isa = PBXBuildFile; fileRef = 01B6C7B80FA57319000CEF90 /* MyGovUserData.m */; };
		01B7B6EF0F8AEACE00619441 /* backButton.png in Resources */ = {isa = PBXBuildFile; fileRef = 01B7B6ED0F8AEACD00619441 /* backButton.png */; };
		01B7B6F00F8AEACE00619441 /* fwdButton.png in Resources */ = {isa = PBXBuildFile; fileRef = 01B7B6EE0F8AEACD00619441 /* fwdButton.png */; };
		01B7D87A0FA5E5DF00CFF880 /* GoogleAppsDataSource.m in Sources */ = {isa = PBXBuildFile; fileRef = 01B7D8790FA5E5DF00CFF880 /* GoogleAppsDataSource.m */; };
		01BFE8130FB7D62500ECC015 /* google_logo_small.png in Resources */ = {isa = PBXBuildFile; fileRef = 01BFE8120FB7D62500ECC015 /* google_logo_small.png */; };
		01C075BC0F8EE96E00F5B2A1 /* AddressBook.framework in Frameworks */ = {isa = PBXBuildFile; fileRef = 01C075BB0F8EE96E00F5B2A1 /* AddressBook.framework */; };
		01C075C10F8EE98700F5B2A1 /* AddressBookUI.framework in Frameworks */ = {isa = PBXBuildFile; fileRef = 01C075C00F8EE98700F5B2A1 /* AddressBookUI.framework */; };
		01C669800FFAF44F00A01F3D /* newContact.png in Resources */ = {isa = PBXBuildFile; fileRef = 01C6697F0FFAF44F00A01F3D /* newContact.png */; };
		01C669C10FFB061600A01F3D /* SpendingView.xib in Resources */ = {isa = PBXBuildFile; fileRef = 01C669C00FFB061600A01F3D /* SpendingView.xib */; };
		01C729D80F9EEBBF00EA3FF9 /* recoveryIcon.png in Resources */ = {isa = PBXBuildFile; fileRef = 01C729D70F9EEBBF00EA3FF9 /* recoveryIcon.png */; };
		01D4FF110FCB29B10000FAE7 /* Reachability.m in Sources */ = {isa = PBXBuildFile; fileRef = 01D4FF100FCB29B10000FAE7 /* Reachability.m */; };
		01D4FF140FCB2A0D0000FAE7 /* SystemConfiguration.framework in Frameworks */ = {isa = PBXBuildFile; fileRef = 01D4FF130FCB2A0D0000FAE7 /* SystemConfiguration.framework */; };
		01D7FE470FA4F62100F78B92 /* CommunityDataManager.m in Sources */ = {isa = PBXBuildFile; fileRef = 01D7FE460FA4F62100F78B92 /* CommunityDataManager.m */; };
		01D7FE520FA500DA00F78B92 /* ComposeMessageView.xib in Resources */ = {isa = PBXBuildFile; fileRef = 01D7FE4B0FA500DA00F78B92 /* ComposeMessageView.xib */; };
		01D7FE530FA500DA00F78B92 /* ComposeMessageViewController.m in Sources */ = {isa = PBXBuildFile; fileRef = 01D7FE4D0FA500DA00F78B92 /* ComposeMessageViewController.m */; };
		01D7FE540FA500DA00F78B92 /* CustomTableCell.m in Sources */ = {isa = PBXBuildFile; fileRef = 01D7FE4F0FA500DA00F78B92 /* CustomTableCell.m */; };
		01D7FE550FA500DA00F78B92 /* DataProviders.m in Sources */ = {isa = PBXBuildFile; fileRef = 01D7FE510FA500DA00F78B92 /* DataProviders.m */; };
		01D7FE640FA500E900F78B92 /* MiniBrowserController.m in Sources */ = {isa = PBXBuildFile; fileRef = 01D7FE570FA500E900F78B92 /* MiniBrowserController.m */; };
		01D7FE650FA500E900F78B92 /* MiniBrowserView.xib in Resources */ = {isa = PBXBuildFile; fileRef = 01D7FE580FA500E900F78B92 /* MiniBrowserView.xib */; };
		01D7FE660FA500E900F78B92 /* ProgressOverlayViewController.m in Sources */ = {isa = PBXBuildFile; fileRef = 01D7FE5A0FA500E900F78B92 /* ProgressOverlayViewController.m */; };
		01D7FE670FA500E900F78B92 /* StateAbbreviations.m in Sources */ = {isa = PBXBuildFile; fileRef = 01D7FE5C0FA500E900F78B92 /* StateAbbreviations.m */; };
		01D7FE680FA500E900F78B92 /* TableDataManager.m in Sources */ = {isa = PBXBuildFile; fileRef = 01D7FE5E0FA500E900F78B92 /* TableDataManager.m */; };
		01D7FE690FA500E900F78B92 /* TwitterLoginView.xib in Resources */ = {isa = PBXBuildFile; fileRef = 01D7FE5F0FA500E900F78B92 /* TwitterLoginView.xib */; };
		01D7FE6A0FA500E900F78B92 /* TwitterLoginViewController.m in Sources */ = {isa = PBXBuildFile; fileRef = 01D7FE610FA500E900F78B92 /* TwitterLoginViewController.m */; };
		01D7FE6B0FA500E900F78B92 /* XMLParserOperation.m in Sources */ = {isa = PBXBuildFile; fileRef = 01D7FE630FA500E900F78B92 /* XMLParserOperation.m */; };
		01D7FE700FA5010400F78B92 /* main.m in Sources */ = {isa = PBXBuildFile; fileRef = 01D7FE6C0FA5010400F78B92 /* main.m */; };
		01D7FE710FA5010400F78B92 /* MainWindow.xib in Resources */ = {isa = PBXBuildFile; fileRef = 01D7FE6D0FA5010400F78B92 /* MainWindow.xib */; };
		01D7FE720FA5010400F78B92 /* myGovAppDelegate.m in Sources */ = {isa = PBXBuildFile; fileRef = 01D7FE6F0FA5010400F78B92 /* myGovAppDelegate.m */; };
		01D7FE810FA5013200F78B92 /* BillContainer.m in Sources */ = {isa = PBXBuildFile; fileRef = 01D7FE740FA5013200F78B92 /* BillContainer.m */; };
		01D7FE820FA5013200F78B92 /* BillInfoData.m in Sources */ = {isa = PBXBuildFile; fileRef = 01D7FE760FA5013200F78B92 /* BillInfoData.m */; };
		01D7FE830FA5013200F78B92 /* BillInfoViewController.m in Sources */ = {isa = PBXBuildFile; fileRef = 01D7FE780FA5013200F78B92 /* BillInfoViewController.m */; };
		01D7FE840FA5013200F78B92 /* BillsDataManager.m in Sources */ = {isa = PBXBuildFile; fileRef = 01D7FE7A0FA5013200F78B92 /* BillsDataManager.m */; };
		01D7FE850FA5013200F78B92 /* BillSummaryTableCell.m in Sources */ = {isa = PBXBuildFile; fileRef = 01D7FE7C0FA5013200F78B92 /* BillSummaryTableCell.m */; };
		01D7FE860FA5013200F78B92 /* BillSummaryXMLParser.m in Sources */ = {isa = PBXBuildFile; fileRef = 01D7FE7E0FA5013200F78B92 /* BillSummaryXMLParser.m */; };
		01D7FE870FA5013200F78B92 /* BillsViewController.m in Sources */ = {isa = PBXBuildFile; fileRef = 01D7FE800FA5013200F78B92 /* BillsViewController.m */; };
		01D7FE8B0FA5015700F78B92 /* RecoveryView.xib in Resources */ = {isa = PBXBuildFile; fileRef = 01D7FE880FA5015700F78B92 /* RecoveryView.xib */; };
		01D7FE8C0FA5015700F78B92 /* RecoveryViewController.m in Sources */ = {isa = PBXBuildFile; fileRef = 01D7FE8A0FA5015700F78B92 /* RecoveryViewController.m */; };
		01D7FE9D0FA5019100F78B92 /* ContractorSpendingData.m in Sources */ = {isa = PBXBuildFile; fileRef = 01D7FE8E0FA5019100F78B92 /* ContractorSpendingData.m */; };
		01D7FE9E0FA5019100F78B92 /* ContractorSpendingTableCell.m in Sources */ = {isa = PBXBuildFile; fileRef = 01D7FE900FA5019100F78B92 /* ContractorSpendingTableCell.m */; };
		01D7FE9F0FA5019100F78B92 /* PlaceSpendingData.m in Sources */ = {isa = PBXBuildFile; fileRef = 01D7FE920FA5019100F78B92 /* PlaceSpendingData.m */; };
		01D7FEA00FA5019100F78B92 /* PlaceSpendingTableCell.m in Sources */ = {isa = PBXBuildFile; fileRef = 01D7FE940FA5019100F78B92 /* PlaceSpendingTableCell.m */; };
		01D7FEA10FA5019100F78B92 /* SpendingDataManager.m in Sources */ = {isa = PBXBuildFile; fileRef = 01D7FE960FA5019100F78B92 /* SpendingDataManager.m */; };
		01D7FEA20FA5019100F78B92 /* SpendingSummaryData.m in Sources */ = {isa = PBXBuildFile; fileRef = 01D7FE980FA5019100F78B92 /* SpendingSummaryData.m */; };
		01D7FEA30FA5019100F78B92 /* SpendingSummaryViewController.m in Sources */ = {isa = PBXBuildFile; fileRef = 01D7FE9A0FA5019100F78B92 /* SpendingSummaryViewController.m */; };
		01D7FEA40FA5019100F78B92 /* SpendingViewController.m in Sources */ = {isa = PBXBuildFile; fileRef = 01D7FE9C0FA5019100F78B92 /* SpendingViewController.m */; };
		01D7FEBA0FA5023B00F78B92 /* CongressDatabaseParser.m in Sources */ = {isa = PBXBuildFile; fileRef = 01D7FEA60FA5023A00F78B92 /* CongressDatabaseParser.m */; };
		01D7FEBB0FA5023B00F78B92 /* CongressDataManager.m in Sources */ = {isa = PBXBuildFile; fileRef = 01D7FEA80FA5023A00F78B92 /* CongressDataManager.m */; };
		01D7FEBC0FA5023B00F78B92 /* CongressionalCommittees.m in Sources */ = {isa = PBXBuildFile; fileRef = 01D7FEAA0FA5023A00F78B92 /* CongressionalCommittees.m */; };
		01D7FEBD0FA5023B00F78B92 /* CongressLocationParser.m in Sources */ = {isa = PBXBuildFile; fileRef = 01D7FEAC0FA5023A00F78B92 /* CongressLocationParser.m */; };
		01D7FEBE0FA5023B00F78B92 /* CongressViewController.m in Sources */ = {isa = PBXBuildFile; fileRef = 01D7FEAE0FA5023A00F78B92 /* CongressViewController.m */; };
		01D7FEBF0FA5023B00F78B92 /* LegislatorContainer.m in Sources */ = {isa = PBXBuildFile; fileRef = 01D7FEB00FA5023A00F78B92 /* LegislatorContainer.m */; };
		01D7FEC00FA5023B00F78B92 /* LegislatorHeaderView.xib in Resources */ = {isa = PBXBuildFile; fileRef = 01D7FEB10FA5023A00F78B92 /* LegislatorHeaderView.xib */; };
		01D7FEC10FA5023B00F78B92 /* LegislatorHeaderViewController.m in Sources */ = {isa = PBXBuildFile; fileRef = 01D7FEB30FA5023A00F78B92 /* LegislatorHeaderViewController.m */; };
		01D7FEC20FA5023B00F78B92 /* LegislatorInfoData.m in Sources */ = {isa = PBXBuildFile; fileRef = 01D7FEB50FA5023A00F78B92 /* LegislatorInfoData.m */; };
		01D7FEC30FA5023B00F78B92 /* LegislatorNameCell.m in Sources */ = {isa = PBXBuildFile; fileRef = 01D7FEB70FA5023A00F78B92 /* LegislatorNameCell.m */; };
		01D7FEC40FA5023B00F78B92 /* LegislatorDetailViewController.m in Sources */ = {isa = PBXBuildFile; fileRef = 01D7FEB90FA5023A00F78B92 /* LegislatorDetailViewController.m */; };
		01D7FEC70FA5027F00F78B92 /* MGTwitterEngine.m in Sources */ = {isa = PBXBuildFile; fileRef = 01D7FEC60FA5027F00F78B92 /* MGTwitterEngine.m */; };
		01D7FECC0FA502A600F78B92 /* MGTwitterHTTPURLConnection.m in Sources */ = {isa = PBXBuildFile; fileRef = 01D7FECB0FA502A600F78B92 /* MGTwitterHTTPURLConnection.m */; };
		01D7FED50FA502F400F78B92 /* MGTwitterMessagesParser.m in Sources */ = {isa = PBXBuildFile; fileRef = 01D7FED00FA502F400F78B92 /* MGTwitterMessagesParser.m */; };
		01D7FED60FA502F400F78B92 /* MGTwitterMiscParser.m in Sources */ = {isa = PBXBuildFile; fileRef = 01D7FED20FA502F400F78B92 /* MGTwitterMiscParser.m */; };
		01D7FED70FA502F400F78B92 /* MGTwitterStatusesParser.m in Sources */ = {isa = PBXBuildFile; fileRef = 01D7FED40FA502F400F78B92 /* MGTwitterStatusesParser.m */; };
		01D7FEDC0FA5030D00F78B92 /* MGTwitterUsersParser.m in Sources */ = {isa = PBXBuildFile; fileRef = 01D7FED90FA5030D00F78B92 /* MGTwitterUsersParser.m */; };
		01D7FEDD0FA5030D00F78B92 /* MGTwitterXMLParser.m in Sources */ = {isa = PBXBuildFile; fileRef = 01D7FEDB0FA5030D00F78B92 /* MGTwitterXMLParser.m */; };
		01D7FEE20FA5032D00F78B92 /* NSData+Base64.m in Sources */ = {isa = PBXBuildFile; fileRef = 01D7FEDF0FA5032D00F78B92 /* NSData+Base64.m */; };
		01D7FEE30FA5032D00F78B92 /* NSString+UUID.m in Sources */ = {isa = PBXBuildFile; fileRef = 01D7FEE10FA5032D00F78B92 /* NSString+UUID.m */; };
		01D7FF160FA5080D00F78B92 /* CommunityItemTableCell.m in Sources */ = {isa = PBXBuildFile; fileRef = 01D7FF150FA5080D00F78B92 /* CommunityItemTableCell.m */; };
		01E4C5830FA0278700E69CC8 /* twitter_logo_header.png in Resources */ = {isa = PBXBuildFile; fileRef = 01E4C5820FA0278700E69CC8 /* twitter_logo_header.png */; };
		01E6EC0F0FA8C224001BEAD3 /* CholorDataSource.m in Sources */ = {isa = PBXBuildFile; fileRef = 01E6EC0E0FA8C224001BEAD3 /* CholorDataSource.m */; };
		0461A05A0F5A471400BE17FF /* CommunityItem.m in Sources */ = {isa = PBXBuildFile; fileRef = 0461A0590F5A471400BE17FF /* CommunityItem.m */; };
		04B603120F59BE3000815A86 /* CommunityViewController.m in Sources */ = {isa = PBXBuildFile; fileRef = 04B603110F59BE3000815A86 /* CommunityViewController.m */; };
		1D60589F0D05DD5A006BFB54 /* Foundation.framework in Frameworks */ = {isa = PBXBuildFile; fileRef = 1D30AB110D05D00D00671497 /* Foundation.framework */; };
		1DF5F4E00D08C38300B7A737 /* UIKit.framework in Frameworks */ = {isa = PBXBuildFile; fileRef = 1DF5F4DF0D08C38300B7A737 /* UIKit.framework */; };
		288765080DF74369002DB57D /* CoreGraphics.framework in Frameworks */ = {isa = PBXBuildFile; fileRef = 288765070DF74369002DB57D /* CoreGraphics.framework */; };
/* End PBXBuildFile section */

/* Begin PBXFileReference section */
		0102D2CE0F58D7C7005AE0EA /* myGov_Prefix.pch */ = {isa = PBXFileReference; fileEncoding = 4; lastKnownFileType = sourcecode.c.h; name = myGov_Prefix.pch; path = src/myGov_Prefix.pch; sourceTree = "<group>"; };
		0102D2ED0F58DECD005AE0EA /* eagleIcon.png */ = {isa = PBXFileReference; lastKnownFileType = image.png; name = eagleIcon.png; path = res/eagleIcon.png; sourceTree = "<group>"; };
		011592C30F6A36D2008BECCD /* Default.png */ = {isa = PBXFileReference; lastKnownFileType = image.png; path = Default.png; sourceTree = "<group>"; };
		01178E2811D84C470068673A /* BillSummaryTableCell.xib */ = {isa = PBXFileReference; lastKnownFileType = file.xib; path = BillSummaryTableCell.xib; sourceTree = "<group>"; };
		01178E7811D85B160068673A /* LocateAlertView.xib */ = {isa = PBXFileReference; lastKnownFileType = file.xib; path = LocateAlertView.xib; sourceTree = "<group>"; };
		01178E7E11D85C320068673A /* LocateAlertView.h */ = {isa = PBXFileReference; fileEncoding = 4; lastKnownFileType = sourcecode.c.h; path = LocateAlertView.h; sourceTree = "<group>"; };
		01178E7F11D85C320068673A /* LocateAlertView.m */ = {isa = PBXFileReference; fileEncoding = 4; lastKnownFileType = sourcecode.c.objc; path = LocateAlertView.m; sourceTree = "<group>"; };
		0126775D0F7F25CA00CF9C46 /* CoreLocation.framework */ = {isa = PBXFileReference; lastKnownFileType = wrapper.framework; name = CoreLocation.framework; path = System/Library/Frameworks/CoreLocation.framework; sourceTree = SDKROOT; };
		012855150FAEA2D400E2B55E /* mygov_login_header.png */ = {isa = PBXFileReference; lastKnownFileType = image.png; name = mygov_login_header.png; path = res/mygov_login_header.png; sourceTree = "<group>"; };
		012D5AD10FA6C098006DA53F /* system_avatar.png */ = {isa = PBXFileReference; lastKnownFileType = image.png; name = system_avatar.png; path = res/system_avatar.png; sourceTree = "<group>"; };
		01526E3B10BCCC7C00445CF2 /* safariButton.png */ = {isa = PBXFileReference; lastKnownFileType = image.png; name = safariButton.png; path = res/safariButton.png; sourceTree = "<group>"; };
		01526F0A10BCE39800445CF2 /* personIcon.png */ = {isa = PBXFileReference; lastKnownFileType = image.png; name = personIcon.png; path = res/personIcon.png; sourceTree = "<group>"; };
		0178E3AE0F944AFF00B96BD1 /* Settings.bundle */ = {isa = PBXFileReference; lastKnownFileType = "wrapper.plug-in"; path = Settings.bundle; sourceTree = "<group>"; };
		017C224D0F721824008CA4ED /* billsIcon.png */ = {isa = PBXFileReference; lastKnownFileType = image.png; name = billsIcon.png; path = res/billsIcon.png; sourceTree = "<group>"; };
		017C224E0F721824008CA4ED /* congressIcon.png */ = {isa = PBXFileReference; lastKnownFileType = image.png; name = congressIcon.png; path = res/congressIcon.png; sourceTree = "<group>"; };
		017C224F0F721824008CA4ED /* spendingIcon.png */ = {isa = PBXFileReference; lastKnownFileType = image.png; name = spendingIcon.png; path = res/spendingIcon.png; sourceTree = "<group>"; };
		017C22540F721E60008CA4ED /* communityIcon.png */ = {isa = PBXFileReference; lastKnownFileType = image.png; name = communityIcon.png; path = res/communityIcon.png; sourceTree = "<group>"; };
		01849D7F11C5C08C000CB52F /* LegislatorNameCell.xib */ = {isa = PBXFileReference; lastKnownFileType = file.xib; path = LegislatorNameCell.xib; sourceTree = "<group>"; };
		01849D8711C5CC93000CB52F /* CongressViewController.xib */ = {isa = PBXFileReference; lastKnownFileType = file.xib; path = CongressViewController.xib; sourceTree = "<group>"; };
		01849E3511C5F0E5000CB52F /* MessageUI.framework */ = {isa = PBXFileReference; lastKnownFileType = wrapper.framework; name = MessageUI.framework; path = iphoneos3.0/System/Library/Frameworks/MessageUI.framework; sourceTree = "<group>"; };
		01849E7D11C5F6D6000CB52F /* CustomTableCell.xib */ = {isa = PBXFileReference; lastKnownFileType = file.xib; path = CustomTableCell.xib; sourceTree = "<group>"; };
		01ACAEF30FA80DA100B6FF59 /* communityEventIcon.png */ = {isa = PBXFileReference; lastKnownFileType = image.png; name = communityEventIcon.png; path = res/communityEventIcon.png; sourceTree = "<group>"; };
		01ACAF350FA8119C00B6FF59 /* CommunityDetailViewController.h */ = {isa = PBXFileReference; fileEncoding = 4; lastKnownFileType = sourcecode.c.h; path = CommunityDetailViewController.h; sourceTree = "<group>"; };
		01ACAF360FA8119C00B6FF59 /* CommunityDetailViewController.m */ = {isa = PBXFileReference; fileEncoding = 4; lastKnownFileType = sourcecode.c.objc; path = CommunityDetailViewController.m; sourceTree = "<group>"; };
		01ACAF380FA811B800B6FF59 /* CommunityDetailData.h */ = {isa = PBXFileReference; fileEncoding = 4; lastKnownFileType = sourcecode.c.h; path = CommunityDetailData.h; sourceTree = "<group>"; };
		01ACAF390FA811B800B6FF59 /* CommunityDetailData.m */ = {isa = PBXFileReference; fileEncoding = 4; lastKnownFileType = sourcecode.c.objc; path = CommunityDetailData.m; sourceTree = "<group>"; };
		01ACB0640FA8434900B6FF59 /* CDetailHeaderView.xib */ = {isa = PBXFileReference; lastKnownFileType = file.xib; path = CDetailHeaderView.xib; sourceTree = "<group>"; };
		01ACB0650FA8434900B6FF59 /* CDetailHeaderViewController.h */ = {isa = PBXFileReference; fileEncoding = 4; lastKnownFileType = sourcecode.c.h; path = CDetailHeaderViewController.h; sourceTree = "<group>"; };
		01ACB0660FA8434900B6FF59 /* CDetailHeaderViewController.m */ = {isa = PBXFileReference; fileEncoding = 4; lastKnownFileType = sourcecode.c.objc; path = CDetailHeaderViewController.m; sourceTree = "<group>"; };
		01B119420F70BD560076AFE0 /* location_overlay.png */ = {isa = PBXFileReference; lastKnownFileType = image.png; name = location_overlay.png; path = res/location_overlay.png; sourceTree = "<group>"; };
		01B119430F70BD560076AFE0 /* USStates.plist */ = {isa = PBXFileReference; fileEncoding = 4; lastKnownFileType = text.plist.xml; name = USStates.plist; path = res/USStates.plist; sourceTree = "<group>"; };
		01B374760FB7568600DDA991 /* eagleIcon_32x32.png */ = {isa = PBXFileReference; lastKnownFileType = image.png; name = eagleIcon_32x32.png; path = res/eagleIcon_32x32.png; sourceTree = "<group>"; };
		01B374770FB7568600DDA991 /* eagleIcon_57x57.png */ = {isa = PBXFileReference; lastKnownFileType = image.png; name = eagleIcon_57x57.png; path = res/eagleIcon_57x57.png; sourceTree = "<group>"; };
		01B61CF70FAA8A37007E10E6 /* refreshIcon.png */ = {isa = PBXFileReference; lastKnownFileType = image.png; name = refreshIcon.png; path = res/refreshIcon.png; sourceTree = "<group>"; };
		01B61DAC0FAA96ED007E10E6 /* MyGovLoginView.xib */ = {isa = PBXFileReference; lastKnownFileType = file.xib; path = MyGovLoginView.xib; sourceTree = "<group>"; };
		01B61DAE0FAA9701007E10E6 /* MyGovLoginViewController.h */ = {isa = PBXFileReference; fileEncoding = 4; lastKnownFileType = sourcecode.c.h; path = MyGovLoginViewController.h; sourceTree = "<group>"; };
		01B61DAF0FAA9701007E10E6 /* MyGovLoginViewController.m */ = {isa = PBXFileReference; fileEncoding = 4; lastKnownFileType = sourcecode.c.objc; path = MyGovLoginViewController.m; sourceTree = "<group>"; };
		01B6C7820FA548A5000CEF90 /* CommunityDataSource.h */ = {isa = PBXFileReference; fileEncoding = 4; lastKnownFileType = sourcecode.c.h; path = CommunityDataSource.h; sourceTree = "<group>"; };
		01B6C79B0FA56FE5000CEF90 /* JeremyaStaticDataSource.h */ = {isa = PBXFileReference; fileEncoding = 4; lastKnownFileType = sourcecode.c.h; path = JeremyaStaticDataSource.h; sourceTree = "<group>"; };
		01B6C79C0FA56FE5000CEF90 /* JeremyaStaticDataSource.m */ = {isa = PBXFileReference; fileEncoding = 4; lastKnownFileType = sourcecode.c.objc; path = JeremyaStaticDataSource.m; sourceTree = "<group>"; };
		01B6C7B70FA57319000CEF90 /* MyGovUserData.h */ = {isa = PBXFileReference; fileEncoding = 4; lastKnownFileType = sourcecode.c.h; path = MyGovUserData.h; sourceTree = "<group>"; };
		01B6C7B80FA57319000CEF90 /* MyGovUserData.m */ = {isa = PBXFileReference; fileEncoding = 4; lastKnownFileType = sourcecode.c.objc; path = MyGovUserData.m; sourceTree = "<group>"; };
		01B7B6ED0F8AEACD00619441 /* backButton.png */ = {isa = PBXFileReference; lastKnownFileType = image.png; name = backButton.png; path = res/backButton.png; sourceTree = "<group>"; };
		01B7B6EE0F8AEACD00619441 /* fwdButton.png */ = {isa = PBXFileReference; lastKnownFileType = image.png; name = fwdButton.png; path = res/fwdButton.png; sourceTree = "<group>"; };
		01B7D8780FA5E5DF00CFF880 /* GoogleAppsDataSource.h */ = {isa = PBXFileReference; fileEncoding = 4; lastKnownFileType = sourcecode.c.h; path = GoogleAppsDataSource.h; sourceTree = "<group>"; };
		01B7D8790FA5E5DF00CFF880 /* GoogleAppsDataSource.m */ = {isa = PBXFileReference; fileEncoding = 4; lastKnownFileType = sourcecode.c.objc; path = GoogleAppsDataSource.m; sourceTree = "<group>"; };
		01BFE8120FB7D62500ECC015 /* google_logo_small.png */ = {isa = PBXFileReference; lastKnownFileType = image.png; name = google_logo_small.png; path = res/google_logo_small.png; sourceTree = "<group>"; };
		01C075BB0F8EE96E00F5B2A1 /* AddressBook.framework */ = {isa = PBXFileReference; lastKnownFileType = wrapper.framework; name = AddressBook.framework; path = System/Library/Frameworks/AddressBook.framework; sourceTree = SDKROOT; };
		01C075C00F8EE98700F5B2A1 /* AddressBookUI.framework */ = {isa = PBXFileReference; lastKnownFileType = wrapper.framework; name = AddressBookUI.framework; path = System/Library/Frameworks/AddressBookUI.framework; sourceTree = SDKROOT; };
		01C6697F0FFAF44F00A01F3D /* newContact.png */ = {isa = PBXFileReference; lastKnownFileType = image.png; name = newContact.png; path = res/newContact.png; sourceTree = "<group>"; };
		01C669C00FFB061600A01F3D /* SpendingView.xib */ = {isa = PBXFileReference; lastKnownFileType = file.xib; path = SpendingView.xib; sourceTree = "<group>"; };
		01C729D70F9EEBBF00EA3FF9 /* recoveryIcon.png */ = {isa = PBXFileReference; lastKnownFileType = image.png; name = recoveryIcon.png; path = res/recoveryIcon.png; sourceTree = "<group>"; };
		01D4FEDE0FCB24620000FAE7 /* myGovCompileOptions.h */ = {isa = PBXFileReference; fileEncoding = 4; lastKnownFileType = sourcecode.c.h; path = myGovCompileOptions.h; sourceTree = "<group>"; };
		01D4FF0F0FCB29B10000FAE7 /* Reachability.h */ = {isa = PBXFileReference; fileEncoding = 4; lastKnownFileType = sourcecode.c.h; path = Reachability.h; sourceTree = "<group>"; };
		01D4FF100FCB29B10000FAE7 /* Reachability.m */ = {isa = PBXFileReference; fileEncoding = 4; lastKnownFileType = sourcecode.c.objc; path = Reachability.m; sourceTree = "<group>"; };
		01D4FF130FCB2A0D0000FAE7 /* SystemConfiguration.framework */ = {isa = PBXFileReference; lastKnownFileType = wrapper.framework; name = SystemConfiguration.framework; path = System/Library/Frameworks/SystemConfiguration.framework; sourceTree = SDKROOT; };
		01D7FE450FA4F62100F78B92 /* CommunityDataManager.h */ = {isa = PBXFileReference; fileEncoding = 4; lastKnownFileType = sourcecode.c.h; path = CommunityDataManager.h; sourceTree = "<group>"; };
		01D7FE460FA4F62100F78B92 /* CommunityDataManager.m */ = {isa = PBXFileReference; fileEncoding = 4; lastKnownFileType = sourcecode.c.objc; path = CommunityDataManager.m; sourceTree = "<group>"; };
		01D7FE4B0FA500DA00F78B92 /* ComposeMessageView.xib */ = {isa = PBXFileReference; lastKnownFileType = file.xib; path = ComposeMessageView.xib; sourceTree = "<group>"; };
		01D7FE4C0FA500DA00F78B92 /* ComposeMessageViewController.h */ = {isa = PBXFileReference; fileEncoding = 4; lastKnownFileType = sourcecode.c.h; path = ComposeMessageViewController.h; sourceTree = "<group>"; };
		01D7FE4D0FA500DA00F78B92 /* ComposeMessageViewController.m */ = {isa = PBXFileReference; fileEncoding = 4; lastKnownFileType = sourcecode.c.objc; path = ComposeMessageViewController.m; sourceTree = "<group>"; };
		01D7FE4E0FA500DA00F78B92 /* CustomTableCell.h */ = {isa = PBXFileReference; fileEncoding = 4; lastKnownFileType = sourcecode.c.h; path = CustomTableCell.h; sourceTree = "<group>"; };
		01D7FE4F0FA500DA00F78B92 /* CustomTableCell.m */ = {isa = PBXFileReference; fileEncoding = 4; lastKnownFileType = sourcecode.c.objc; path = CustomTableCell.m; sourceTree = "<group>"; };
		01D7FE500FA500DA00F78B92 /* DataProviders.h */ = {isa = PBXFileReference; fileEncoding = 4; lastKnownFileType = sourcecode.c.h; path = DataProviders.h; sourceTree = "<group>"; };
		01D7FE510FA500DA00F78B92 /* DataProviders.m */ = {isa = PBXFileReference; fileEncoding = 4; lastKnownFileType = sourcecode.c.objc; path = DataProviders.m; sourceTree = "<group>"; };
		01D7FE560FA500E900F78B92 /* MiniBrowserController.h */ = {isa = PBXFileReference; fileEncoding = 4; lastKnownFileType = sourcecode.c.h; path = MiniBrowserController.h; sourceTree = "<group>"; };
		01D7FE570FA500E900F78B92 /* MiniBrowserController.m */ = {isa = PBXFileReference; fileEncoding = 4; lastKnownFileType = sourcecode.c.objc; path = MiniBrowserController.m; sourceTree = "<group>"; };
		01D7FE580FA500E900F78B92 /* MiniBrowserView.xib */ = {isa = PBXFileReference; lastKnownFileType = file.xib; path = MiniBrowserView.xib; sourceTree = "<group>"; };
		01D7FE590FA500E900F78B92 /* ProgressOverlayViewController.h */ = {isa = PBXFileReference; fileEncoding = 4; lastKnownFileType = sourcecode.c.h; path = ProgressOverlayViewController.h; sourceTree = "<group>"; };
		01D7FE5A0FA500E900F78B92 /* ProgressOverlayViewController.m */ = {isa = PBXFileReference; fileEncoding = 4; lastKnownFileType = sourcecode.c.objc; path = ProgressOverlayViewController.m; sourceTree = "<group>"; };
		01D7FE5B0FA500E900F78B92 /* StateAbbreviations.h */ = {isa = PBXFileReference; fileEncoding = 4; lastKnownFileType = sourcecode.c.h; path = StateAbbreviations.h; sourceTree = "<group>"; };
		01D7FE5C0FA500E900F78B92 /* StateAbbreviations.m */ = {isa = PBXFileReference; fileEncoding = 4; lastKnownFileType = sourcecode.c.objc; path = StateAbbreviations.m; sourceTree = "<group>"; };
		01D7FE5D0FA500E900F78B92 /* TableDataManager.h */ = {isa = PBXFileReference; fileEncoding = 4; lastKnownFileType = sourcecode.c.h; path = TableDataManager.h; sourceTree = "<group>"; };
		01D7FE5E0FA500E900F78B92 /* TableDataManager.m */ = {isa = PBXFileReference; fileEncoding = 4; lastKnownFileType = sourcecode.c.objc; path = TableDataManager.m; sourceTree = "<group>"; };
		01D7FE5F0FA500E900F78B92 /* TwitterLoginView.xib */ = {isa = PBXFileReference; lastKnownFileType = file.xib; path = TwitterLoginView.xib; sourceTree = "<group>"; };
		01D7FE600FA500E900F78B92 /* TwitterLoginViewController.h */ = {isa = PBXFileReference; fileEncoding = 4; lastKnownFileType = sourcecode.c.h; path = TwitterLoginViewController.h; sourceTree = "<group>"; };
		01D7FE610FA500E900F78B92 /* TwitterLoginViewController.m */ = {isa = PBXFileReference; fileEncoding = 4; lastKnownFileType = sourcecode.c.objc; path = TwitterLoginViewController.m; sourceTree = "<group>"; };
		01D7FE620FA500E900F78B92 /* XMLParserOperation.h */ = {isa = PBXFileReference; fileEncoding = 4; lastKnownFileType = sourcecode.c.h; path = XMLParserOperation.h; sourceTree = "<group>"; };
		01D7FE630FA500E900F78B92 /* XMLParserOperation.m */ = {isa = PBXFileReference; fileEncoding = 4; lastKnownFileType = sourcecode.c.objc; path = XMLParserOperation.m; sourceTree = "<group>"; };
		01D7FE6C0FA5010400F78B92 /* main.m */ = {isa = PBXFileReference; fileEncoding = 4; lastKnownFileType = sourcecode.c.objc; name = main.m; path = src/main.m; sourceTree = SOURCE_ROOT; };
		01D7FE6D0FA5010400F78B92 /* MainWindow.xib */ = {isa = PBXFileReference; lastKnownFileType = file.xib; name = MainWindow.xib; path = src/MainWindow.xib; sourceTree = SOURCE_ROOT; };
		01D7FE6E0FA5010400F78B92 /* myGovAppDelegate.h */ = {isa = PBXFileReference; fileEncoding = 4; lastKnownFileType = sourcecode.c.h; name = myGovAppDelegate.h; path = src/myGovAppDelegate.h; sourceTree = SOURCE_ROOT; };
		01D7FE6F0FA5010400F78B92 /* myGovAppDelegate.m */ = {isa = PBXFileReference; fileEncoding = 4; lastKnownFileType = sourcecode.c.objc; name = myGovAppDelegate.m; path = src/myGovAppDelegate.m; sourceTree = SOURCE_ROOT; };
		01D7FE730FA5013200F78B92 /* BillContainer.h */ = {isa = PBXFileReference; fileEncoding = 4; lastKnownFileType = sourcecode.c.h; path = BillContainer.h; sourceTree = "<group>"; };
		01D7FE740FA5013200F78B92 /* BillContainer.m */ = {isa = PBXFileReference; fileEncoding = 4; lastKnownFileType = sourcecode.c.objc; path = BillContainer.m; sourceTree = "<group>"; };
		01D7FE750FA5013200F78B92 /* BillInfoData.h */ = {isa = PBXFileReference; fileEncoding = 4; lastKnownFileType = sourcecode.c.h; path = BillInfoData.h; sourceTree = "<group>"; };
		01D7FE760FA5013200F78B92 /* BillInfoData.m */ = {isa = PBXFileReference; fileEncoding = 4; lastKnownFileType = sourcecode.c.objc; path = BillInfoData.m; sourceTree = "<group>"; };
		01D7FE770FA5013200F78B92 /* BillInfoViewController.h */ = {isa = PBXFileReference; fileEncoding = 4; lastKnownFileType = sourcecode.c.h; path = BillInfoViewController.h; sourceTree = "<group>"; };
		01D7FE780FA5013200F78B92 /* BillInfoViewController.m */ = {isa = PBXFileReference; fileEncoding = 4; lastKnownFileType = sourcecode.c.objc; path = BillInfoViewController.m; sourceTree = "<group>"; };
		01D7FE790FA5013200F78B92 /* BillsDataManager.h */ = {isa = PBXFileReference; fileEncoding = 4; lastKnownFileType = sourcecode.c.h; path = BillsDataManager.h; sourceTree = "<group>"; };
		01D7FE7A0FA5013200F78B92 /* BillsDataManager.m */ = {isa = PBXFileReference; fileEncoding = 4; lastKnownFileType = sourcecode.c.objc; path = BillsDataManager.m; sourceTree = "<group>"; };
		01D7FE7B0FA5013200F78B92 /* BillSummaryTableCell.h */ = {isa = PBXFileReference; fileEncoding = 4; lastKnownFileType = sourcecode.c.h; path = BillSummaryTableCell.h; sourceTree = "<group>"; };
		01D7FE7C0FA5013200F78B92 /* BillSummaryTableCell.m */ = {isa = PBXFileReference; fileEncoding = 4; lastKnownFileType = sourcecode.c.objc; path = BillSummaryTableCell.m; sourceTree = "<group>"; };
		01D7FE7D0FA5013200F78B92 /* BillSummaryXMLParser.h */ = {isa = PBXFileReference; fileEncoding = 4; lastKnownFileType = sourcecode.c.h; path = BillSummaryXMLParser.h; sourceTree = "<group>"; };
		01D7FE7E0FA5013200F78B92 /* BillSummaryXMLParser.m */ = {isa = PBXFileReference; fileEncoding = 4; lastKnownFileType = sourcecode.c.objc; path = BillSummaryXMLParser.m; sourceTree = "<group>"; };
		01D7FE7F0FA5013200F78B92 /* BillsViewController.h */ = {isa = PBXFileReference; fileEncoding = 4; lastKnownFileType = sourcecode.c.h; path = BillsViewController.h; sourceTree = "<group>"; };
		01D7FE800FA5013200F78B92 /* BillsViewController.m */ = {isa = PBXFileReference; fileEncoding = 4; lastKnownFileType = sourcecode.c.objc; path = BillsViewController.m; sourceTree = "<group>"; };
		01D7FE880FA5015700F78B92 /* RecoveryView.xib */ = {isa = PBXFileReference; lastKnownFileType = file.xib; path = RecoveryView.xib; sourceTree = "<group>"; };
		01D7FE890FA5015700F78B92 /* RecoveryViewController.h */ = {isa = PBXFileReference; fileEncoding = 4; lastKnownFileType = sourcecode.c.h; path = RecoveryViewController.h; sourceTree = "<group>"; };
		01D7FE8A0FA5015700F78B92 /* RecoveryViewController.m */ = {isa = PBXFileReference; fileEncoding = 4; lastKnownFileType = sourcecode.c.objc; path = RecoveryViewController.m; sourceTree = "<group>"; };
		01D7FE8D0FA5019100F78B92 /* ContractorSpendingData.h */ = {isa = PBXFileReference; fileEncoding = 4; lastKnownFileType = sourcecode.c.h; path = ContractorSpendingData.h; sourceTree = "<group>"; };
		01D7FE8E0FA5019100F78B92 /* ContractorSpendingData.m */ = {isa = PBXFileReference; fileEncoding = 4; lastKnownFileType = sourcecode.c.objc; path = ContractorSpendingData.m; sourceTree = "<group>"; };
		01D7FE8F0FA5019100F78B92 /* ContractorSpendingTableCell.h */ = {isa = PBXFileReference; fileEncoding = 4; lastKnownFileType = sourcecode.c.h; path = ContractorSpendingTableCell.h; sourceTree = "<group>"; };
		01D7FE900FA5019100F78B92 /* ContractorSpendingTableCell.m */ = {isa = PBXFileReference; fileEncoding = 4; lastKnownFileType = sourcecode.c.objc; path = ContractorSpendingTableCell.m; sourceTree = "<group>"; };
		01D7FE910FA5019100F78B92 /* PlaceSpendingData.h */ = {isa = PBXFileReference; fileEncoding = 4; lastKnownFileType = sourcecode.c.h; path = PlaceSpendingData.h; sourceTree = "<group>"; };
		01D7FE920FA5019100F78B92 /* PlaceSpendingData.m */ = {isa = PBXFileReference; fileEncoding = 4; lastKnownFileType = sourcecode.c.objc; path = PlaceSpendingData.m; sourceTree = "<group>"; };
		01D7FE930FA5019100F78B92 /* PlaceSpendingTableCell.h */ = {isa = PBXFileReference; fileEncoding = 4; lastKnownFileType = sourcecode.c.h; path = PlaceSpendingTableCell.h; sourceTree = "<group>"; };
		01D7FE940FA5019100F78B92 /* PlaceSpendingTableCell.m */ = {isa = PBXFileReference; fileEncoding = 4; lastKnownFileType = sourcecode.c.objc; path = PlaceSpendingTableCell.m; sourceTree = "<group>"; };
		01D7FE950FA5019100F78B92 /* SpendingDataManager.h */ = {isa = PBXFileReference; fileEncoding = 4; lastKnownFileType = sourcecode.c.h; path = SpendingDataManager.h; sourceTree = "<group>"; };
		01D7FE960FA5019100F78B92 /* SpendingDataManager.m */ = {isa = PBXFileReference; fileEncoding = 4; lastKnownFileType = sourcecode.c.objc; path = SpendingDataManager.m; sourceTree = "<group>"; };
		01D7FE970FA5019100F78B92 /* SpendingSummaryData.h */ = {isa = PBXFileReference; fileEncoding = 4; lastKnownFileType = sourcecode.c.h; path = SpendingSummaryData.h; sourceTree = "<group>"; };
		01D7FE980FA5019100F78B92 /* SpendingSummaryData.m */ = {isa = PBXFileReference; fileEncoding = 4; lastKnownFileType = sourcecode.c.objc; path = SpendingSummaryData.m; sourceTree = "<group>"; };
		01D7FE990FA5019100F78B92 /* SpendingSummaryViewController.h */ = {isa = PBXFileReference; fileEncoding = 4; lastKnownFileType = sourcecode.c.h; path = SpendingSummaryViewController.h; sourceTree = "<group>"; };
		01D7FE9A0FA5019100F78B92 /* SpendingSummaryViewController.m */ = {isa = PBXFileReference; fileEncoding = 4; lastKnownFileType = sourcecode.c.objc; path = SpendingSummaryViewController.m; sourceTree = "<group>"; };
		01D7FE9B0FA5019100F78B92 /* SpendingViewController.h */ = {isa = PBXFileReference; fileEncoding = 4; lastKnownFileType = sourcecode.c.h; path = SpendingViewController.h; sourceTree = "<group>"; };
		01D7FE9C0FA5019100F78B92 /* SpendingViewController.m */ = {isa = PBXFileReference; fileEncoding = 4; lastKnownFileType = sourcecode.c.objc; path = SpendingViewController.m; sourceTree = "<group>"; };
		01D7FEA50FA5023A00F78B92 /* CongressDatabaseParser.h */ = {isa = PBXFileReference; fileEncoding = 4; lastKnownFileType = sourcecode.c.h; path = CongressDatabaseParser.h; sourceTree = "<group>"; };
		01D7FEA60FA5023A00F78B92 /* CongressDatabaseParser.m */ = {isa = PBXFileReference; fileEncoding = 4; lastKnownFileType = sourcecode.c.objc; path = CongressDatabaseParser.m; sourceTree = "<group>"; };
		01D7FEA70FA5023A00F78B92 /* CongressDataManager.h */ = {isa = PBXFileReference; fileEncoding = 4; lastKnownFileType = sourcecode.c.h; path = CongressDataManager.h; sourceTree = "<group>"; };
		01D7FEA80FA5023A00F78B92 /* CongressDataManager.m */ = {isa = PBXFileReference; fileEncoding = 4; lastKnownFileType = sourcecode.c.objc; path = CongressDataManager.m; sourceTree = "<group>"; };
		01D7FEA90FA5023A00F78B92 /* CongressionalCommittees.h */ = {isa = PBXFileReference; fileEncoding = 4; lastKnownFileType = sourcecode.c.h; path = CongressionalCommittees.h; sourceTree = "<group>"; };
		01D7FEAA0FA5023A00F78B92 /* CongressionalCommittees.m */ = {isa = PBXFileReference; fileEncoding = 4; lastKnownFileType = sourcecode.c.objc; path = CongressionalCommittees.m; sourceTree = "<group>"; };
		01D7FEAB0FA5023A00F78B92 /* CongressLocationParser.h */ = {isa = PBXFileReference; fileEncoding = 4; lastKnownFileType = sourcecode.c.h; path = CongressLocationParser.h; sourceTree = "<group>"; };
		01D7FEAC0FA5023A00F78B92 /* CongressLocationParser.m */ = {isa = PBXFileReference; fileEncoding = 4; lastKnownFileType = sourcecode.c.objc; path = CongressLocationParser.m; sourceTree = "<group>"; };
		01D7FEAD0FA5023A00F78B92 /* CongressViewController.h */ = {isa = PBXFileReference; fileEncoding = 4; lastKnownFileType = sourcecode.c.h; path = CongressViewController.h; sourceTree = "<group>"; };
		01D7FEAE0FA5023A00F78B92 /* CongressViewController.m */ = {isa = PBXFileReference; fileEncoding = 4; lastKnownFileType = sourcecode.c.objc; path = CongressViewController.m; sourceTree = "<group>"; };
		01D7FEAF0FA5023A00F78B92 /* LegislatorContainer.h */ = {isa = PBXFileReference; fileEncoding = 4; lastKnownFileType = sourcecode.c.h; path = LegislatorContainer.h; sourceTree = "<group>"; };
		01D7FEB00FA5023A00F78B92 /* LegislatorContainer.m */ = {isa = PBXFileReference; fileEncoding = 4; lastKnownFileType = sourcecode.c.objc; path = LegislatorContainer.m; sourceTree = "<group>"; };
		01D7FEB10FA5023A00F78B92 /* LegislatorHeaderView.xib */ = {isa = PBXFileReference; lastKnownFileType = file.xib; path = LegislatorHeaderView.xib; sourceTree = "<group>"; };
		01D7FEB20FA5023A00F78B92 /* LegislatorHeaderViewController.h */ = {isa = PBXFileReference; fileEncoding = 4; lastKnownFileType = sourcecode.c.h; path = LegislatorHeaderViewController.h; sourceTree = "<group>"; };
		01D7FEB30FA5023A00F78B92 /* LegislatorHeaderViewController.m */ = {isa = PBXFileReference; fileEncoding = 4; lastKnownFileType = sourcecode.c.objc; path = LegislatorHeaderViewController.m; sourceTree = "<group>"; };
		01D7FEB40FA5023A00F78B92 /* LegislatorInfoData.h */ = {isa = PBXFileReference; fileEncoding = 4; lastKnownFileType = sourcecode.c.h; path = LegislatorInfoData.h; sourceTree = "<group>"; };
		01D7FEB50FA5023A00F78B92 /* LegislatorInfoData.m */ = {isa = PBXFileReference; fileEncoding = 4; lastKnownFileType = sourcecode.c.objc; path = LegislatorInfoData.m; sourceTree = "<group>"; };
		01D7FEB60FA5023A00F78B92 /* LegislatorNameCell.h */ = {isa = PBXFileReference; fileEncoding = 4; lastKnownFileType = sourcecode.c.h; path = LegislatorNameCell.h; sourceTree = "<group>"; };
		01D7FEB70FA5023A00F78B92 /* LegislatorNameCell.m */ = {isa = PBXFileReference; fileEncoding = 4; lastKnownFileType = sourcecode.c.objc; path = LegislatorNameCell.m; sourceTree = "<group>"; };
		01D7FEB80FA5023A00F78B92 /* LegislatorDetailViewController.h */ = {isa = PBXFileReference; fileEncoding = 4; lastKnownFileType = sourcecode.c.h; path = LegislatorDetailViewController.h; sourceTree = "<group>"; };
		01D7FEB90FA5023A00F78B92 /* LegislatorDetailViewController.m */ = {isa = PBXFileReference; fileEncoding = 4; lastKnownFileType = sourcecode.c.objc; path = LegislatorDetailViewController.m; sourceTree = "<group>"; };
		01D7FEC50FA5027F00F78B92 /* MGTwitterEngine.h */ = {isa = PBXFileReference; fileEncoding = 4; lastKnownFileType = sourcecode.c.h; path = MGTwitterEngine.h; sourceTree = "<group>"; };
		01D7FEC60FA5027F00F78B92 /* MGTwitterEngine.m */ = {isa = PBXFileReference; fileEncoding = 4; lastKnownFileType = sourcecode.c.objc; path = MGTwitterEngine.m; sourceTree = "<group>"; };
		01D7FEC80FA502A600F78B92 /* MGTwitterEngineDelegate.h */ = {isa = PBXFileReference; fileEncoding = 4; lastKnownFileType = sourcecode.c.h; path = MGTwitterEngineDelegate.h; sourceTree = "<group>"; };
		01D7FEC90FA502A600F78B92 /* MGTwitterEngineGlobalHeader.h */ = {isa = PBXFileReference; fileEncoding = 4; lastKnownFileType = sourcecode.c.h; path = MGTwitterEngineGlobalHeader.h; sourceTree = "<group>"; };
		01D7FECA0FA502A600F78B92 /* MGTwitterHTTPURLConnection.h */ = {isa = PBXFileReference; fileEncoding = 4; lastKnownFileType = sourcecode.c.h; path = MGTwitterHTTPURLConnection.h; sourceTree = "<group>"; };
		01D7FECB0FA502A600F78B92 /* MGTwitterHTTPURLConnection.m */ = {isa = PBXFileReference; fileEncoding = 4; lastKnownFileType = sourcecode.c.objc; path = MGTwitterHTTPURLConnection.m; sourceTree = "<group>"; };
		01D7FECD0FA502C100F78B92 /* MGTwitterParserDelegate.h */ = {isa = PBXFileReference; fileEncoding = 4; lastKnownFileType = sourcecode.c.h; path = MGTwitterParserDelegate.h; sourceTree = "<group>"; };
		01D7FECE0FA502C100F78B92 /* MGTwitterRequestTypes.h */ = {isa = PBXFileReference; fileEncoding = 4; lastKnownFileType = sourcecode.c.h; path = MGTwitterRequestTypes.h; sourceTree = "<group>"; };
		01D7FECF0FA502F400F78B92 /* MGTwitterMessagesParser.h */ = {isa = PBXFileReference; fileEncoding = 4; lastKnownFileType = sourcecode.c.h; path = MGTwitterMessagesParser.h; sourceTree = "<group>"; };
		01D7FED00FA502F400F78B92 /* MGTwitterMessagesParser.m */ = {isa = PBXFileReference; fileEncoding = 4; lastKnownFileType = sourcecode.c.objc; path = MGTwitterMessagesParser.m; sourceTree = "<group>"; };
		01D7FED10FA502F400F78B92 /* MGTwitterMiscParser.h */ = {isa = PBXFileReference; fileEncoding = 4; lastKnownFileType = sourcecode.c.h; path = MGTwitterMiscParser.h; sourceTree = "<group>"; };
		01D7FED20FA502F400F78B92 /* MGTwitterMiscParser.m */ = {isa = PBXFileReference; fileEncoding = 4; lastKnownFileType = sourcecode.c.objc; path = MGTwitterMiscParser.m; sourceTree = "<group>"; };
		01D7FED30FA502F400F78B92 /* MGTwitterStatusesParser.h */ = {isa = PBXFileReference; fileEncoding = 4; lastKnownFileType = sourcecode.c.h; path = MGTwitterStatusesParser.h; sourceTree = "<group>"; };
		01D7FED40FA502F400F78B92 /* MGTwitterStatusesParser.m */ = {isa = PBXFileReference; fileEncoding = 4; lastKnownFileType = sourcecode.c.objc; path = MGTwitterStatusesParser.m; sourceTree = "<group>"; };
		01D7FED80FA5030D00F78B92 /* MGTwitterUsersParser.h */ = {isa = PBXFileReference; fileEncoding = 4; lastKnownFileType = sourcecode.c.h; path = MGTwitterUsersParser.h; sourceTree = "<group>"; };
		01D7FED90FA5030D00F78B92 /* MGTwitterUsersParser.m */ = {isa = PBXFileReference; fileEncoding = 4; lastKnownFileType = sourcecode.c.objc; path = MGTwitterUsersParser.m; sourceTree = "<group>"; };
		01D7FEDA0FA5030D00F78B92 /* MGTwitterXMLParser.h */ = {isa = PBXFileReference; fileEncoding = 4; lastKnownFileType = sourcecode.c.h; path = MGTwitterXMLParser.h; sourceTree = "<group>"; };
		01D7FEDB0FA5030D00F78B92 /* MGTwitterXMLParser.m */ = {isa = PBXFileReference; fileEncoding = 4; lastKnownFileType = sourcecode.c.objc; path = MGTwitterXMLParser.m; sourceTree = "<group>"; };
		01D7FEDE0FA5032D00F78B92 /* NSData+Base64.h */ = {isa = PBXFileReference; fileEncoding = 4; lastKnownFileType = sourcecode.c.h; path = "NSData+Base64.h"; sourceTree = "<group>"; };
		01D7FEDF0FA5032D00F78B92 /* NSData+Base64.m */ = {isa = PBXFileReference; fileEncoding = 4; lastKnownFileType = sourcecode.c.objc; path = "NSData+Base64.m"; sourceTree = "<group>"; };
		01D7FEE00FA5032D00F78B92 /* NSString+UUID.h */ = {isa = PBXFileReference; fileEncoding = 4; lastKnownFileType = sourcecode.c.h; path = "NSString+UUID.h"; sourceTree = "<group>"; };
		01D7FEE10FA5032D00F78B92 /* NSString+UUID.m */ = {isa = PBXFileReference; fileEncoding = 4; lastKnownFileType = sourcecode.c.objc; path = "NSString+UUID.m"; sourceTree = "<group>"; };
		01D7FF140FA5080D00F78B92 /* CommunityItemTableCell.h */ = {isa = PBXFileReference; fileEncoding = 4; lastKnownFileType = sourcecode.c.h; path = CommunityItemTableCell.h; sourceTree = "<group>"; };
		01D7FF150FA5080D00F78B92 /* CommunityItemTableCell.m */ = {isa = PBXFileReference; fileEncoding = 4; lastKnownFileType = sourcecode.c.objc; path = CommunityItemTableCell.m; sourceTree = "<group>"; };
		01E4C5820FA0278700E69CC8 /* twitter_logo_header.png */ = {isa = PBXFileReference; lastKnownFileType = image.png; name = twitter_logo_header.png; path = res/twitter_logo_header.png; sourceTree = "<group>"; };
		01E6EC0D0FA8C224001BEAD3 /* CholorDataSource.h */ = {isa = PBXFileReference; fileEncoding = 4; lastKnownFileType = sourcecode.c.h; path = CholorDataSource.h; sourceTree = "<group>"; };
		01E6EC0E0FA8C224001BEAD3 /* CholorDataSource.m */ = {isa = PBXFileReference; fileEncoding = 4; lastKnownFileType = sourcecode.c.objc; path = CholorDataSource.m; sourceTree = "<group>"; };
		0461A0580F5A471400BE17FF /* CommunityItem.h */ = {isa = PBXFileReference; fileEncoding = 4; lastKnownFileType = sourcecode.c.h; path = CommunityItem.h; sourceTree = "<group>"; };
		0461A0590F5A471400BE17FF /* CommunityItem.m */ = {isa = PBXFileReference; fileEncoding = 4; lastKnownFileType = sourcecode.c.objc; path = CommunityItem.m; sourceTree = "<group>"; };
		04B603100F59BE3000815A86 /* CommunityViewController.h */ = {isa = PBXFileReference; fileEncoding = 4; lastKnownFileType = sourcecode.c.h; path = CommunityViewController.h; sourceTree = "<group>"; };
		04B603110F59BE3000815A86 /* CommunityViewController.m */ = {isa = PBXFileReference; fileEncoding = 4; lastKnownFileType = sourcecode.c.objc; path = CommunityViewController.m; sourceTree = "<group>"; };
		1D30AB110D05D00D00671497 /* Foundation.framework */ = {isa = PBXFileReference; lastKnownFileType = wrapper.framework; name = Foundation.framework; path = System/Library/Frameworks/Foundation.framework; sourceTree = SDKROOT; };
		1D6058910D05DD3D006BFB54 /* myGovernment.app */ = {isa = PBXFileReference; explicitFileType = wrapper.application; includeInIndex = 0; path = myGovernment.app; sourceTree = BUILT_PRODUCTS_DIR; };
		1DF5F4DF0D08C38300B7A737 /* UIKit.framework */ = {isa = PBXFileReference; lastKnownFileType = wrapper.framework; name = UIKit.framework; path = System/Library/Frameworks/UIKit.framework; sourceTree = SDKROOT; };
		288765070DF74369002DB57D /* CoreGraphics.framework */ = {isa = PBXFileReference; lastKnownFileType = wrapper.framework; name = CoreGraphics.framework; path = System/Library/Frameworks/CoreGraphics.framework; sourceTree = SDKROOT; };
		8D1107310486CEB800E47090 /* Info.plist */ = {isa = PBXFileReference; fileEncoding = 4; lastKnownFileType = text.plist.xml; path = Info.plist; sourceTree = "<group>"; };
/* End PBXFileReference section */

/* Begin PBXFrameworksBuildPhase section */
		1D60588F0D05DD3D006BFB54 /* Frameworks */ = {
			isa = PBXFrameworksBuildPhase;
			buildActionMask = 2147483647;
			files = (
				1D60589F0D05DD5A006BFB54 /* Foundation.framework in Frameworks */,
				1DF5F4E00D08C38300B7A737 /* UIKit.framework in Frameworks */,
				288765080DF74369002DB57D /* CoreGraphics.framework in Frameworks */,
				0126775E0F7F25CA00CF9C46 /* CoreLocation.framework in Frameworks */,
				01C075BC0F8EE96E00F5B2A1 /* AddressBook.framework in Frameworks */,
				01C075C10F8EE98700F5B2A1 /* AddressBookUI.framework in Frameworks */,
				01D4FF140FCB2A0D0000FAE7 /* SystemConfiguration.framework in Frameworks */,
				01849E3611C5F0E5000CB52F /* MessageUI.framework in Frameworks */,
			);
			runOnlyForDeploymentPostprocessing = 0;
		};
/* End PBXFrameworksBuildPhase section */

/* Begin PBXGroup section */
		0102D2D90F58DB5D005AE0EA /* src */ = {
			isa = PBXGroup;
			children = (
				01E4C5210FA01DE500E69CC8 /* mgtwitterengine */,
				01BC2FA00F5B840F00E7ABD0 /* common */,
				0102D2DE0F58DB87005AE0EA /* bills */,
				0102D2DD0F58DB80005AE0EA /* recovery */,
				0102D2DC0F58DB79005AE0EA /* spending */,
				0102D2DB0F58DB72005AE0EA /* community */,
				0102D2DA0F58DB6B005AE0EA /* congress */,
			);
			path = src;
			sourceTree = "<group>";
		};
		0102D2DA0F58DB6B005AE0EA /* congress */ = {
			isa = PBXGroup;
			children = (
				01849D8711C5CC93000CB52F /* CongressViewController.xib */,
				01D7FEAD0FA5023A00F78B92 /* CongressViewController.h */,
				01D7FEAE0FA5023A00F78B92 /* CongressViewController.m */,
				01849D7F11C5C08C000CB52F /* LegislatorNameCell.xib */,
				01D7FEB60FA5023A00F78B92 /* LegislatorNameCell.h */,
				01D7FEB70FA5023A00F78B92 /* LegislatorNameCell.m */,
				01D7FEA70FA5023A00F78B92 /* CongressDataManager.h */,
				01D7FEA80FA5023A00F78B92 /* CongressDataManager.m */,
				01D7FEA50FA5023A00F78B92 /* CongressDatabaseParser.h */,
				01D7FEA60FA5023A00F78B92 /* CongressDatabaseParser.m */,
				01D7FEA90FA5023A00F78B92 /* CongressionalCommittees.h */,
				01D7FEAA0FA5023A00F78B92 /* CongressionalCommittees.m */,
				01D7FEAB0FA5023A00F78B92 /* CongressLocationParser.h */,
				01D7FEAC0FA5023A00F78B92 /* CongressLocationParser.m */,
				01D7FEAF0FA5023A00F78B92 /* LegislatorContainer.h */,
				01D7FEB00FA5023A00F78B92 /* LegislatorContainer.m */,
				01D7FEB10FA5023A00F78B92 /* LegislatorHeaderView.xib */,
				01D7FEB20FA5023A00F78B92 /* LegislatorHeaderViewController.h */,
				01D7FEB30FA5023A00F78B92 /* LegislatorHeaderViewController.m */,
				01D7FEB40FA5023A00F78B92 /* LegislatorInfoData.h */,
				01D7FEB50FA5023A00F78B92 /* LegislatorInfoData.m */,
				01D7FEB80FA5023A00F78B92 /* LegislatorDetailViewController.h */,
				01D7FEB90FA5023A00F78B92 /* LegislatorDetailViewController.m */,
				01178E7811D85B160068673A /* LocateAlertView.xib */,
				01178E7E11D85C320068673A /* LocateAlertView.h */,
				01178E7F11D85C320068673A /* LocateAlertView.m */,
			);
			path = congress;
			sourceTree = "<group>";
		};
		0102D2DB0F58DB72005AE0EA /* community */ = {
			isa = PBXGroup;
			children = (
				04B603100F59BE3000815A86 /* CommunityViewController.h */,
				04B603110F59BE3000815A86 /* CommunityViewController.m */,
				01D7FE450FA4F62100F78B92 /* CommunityDataManager.h */,
				01D7FE460FA4F62100F78B92 /* CommunityDataManager.m */,
				0461A0580F5A471400BE17FF /* CommunityItem.h */,
				0461A0590F5A471400BE17FF /* CommunityItem.m */,
				01D7FF140FA5080D00F78B92 /* CommunityItemTableCell.h */,
				01D7FF150FA5080D00F78B92 /* CommunityItemTableCell.m */,
				01ACAF350FA8119C00B6FF59 /* CommunityDetailViewController.h */,
				01ACAF360FA8119C00B6FF59 /* CommunityDetailViewController.m */,
				01ACB0640FA8434900B6FF59 /* CDetailHeaderView.xib */,
				01ACB0650FA8434900B6FF59 /* CDetailHeaderViewController.h */,
				01ACB0660FA8434900B6FF59 /* CDetailHeaderViewController.m */,
				01ACAF380FA811B800B6FF59 /* CommunityDetailData.h */,
				01ACAF390FA811B800B6FF59 /* CommunityDetailData.m */,
				01B6C7820FA548A5000CEF90 /* CommunityDataSource.h */,
				01B6C79B0FA56FE5000CEF90 /* JeremyaStaticDataSource.h */,
				01B6C79C0FA56FE5000CEF90 /* JeremyaStaticDataSource.m */,
				01B7D8780FA5E5DF00CFF880 /* GoogleAppsDataSource.h */,
				01B7D8790FA5E5DF00CFF880 /* GoogleAppsDataSource.m */,
				01E6EC0D0FA8C224001BEAD3 /* CholorDataSource.h */,
				01E6EC0E0FA8C224001BEAD3 /* CholorDataSource.m */,
			);
			path = community;
			sourceTree = "<group>";
		};
		0102D2DC0F58DB79005AE0EA /* spending */ = {
			isa = PBXGroup;
			children = (
				01C669C00FFB061600A01F3D /* SpendingView.xib */,
				01D7FE9B0FA5019100F78B92 /* SpendingViewController.h */,
				01D7FE9C0FA5019100F78B92 /* SpendingViewController.m */,
				01D7FE950FA5019100F78B92 /* SpendingDataManager.h */,
				01D7FE960FA5019100F78B92 /* SpendingDataManager.m */,
				01D7FE8D0FA5019100F78B92 /* ContractorSpendingData.h */,
				01D7FE8E0FA5019100F78B92 /* ContractorSpendingData.m */,
				01D7FE8F0FA5019100F78B92 /* ContractorSpendingTableCell.h */,
				01D7FE900FA5019100F78B92 /* ContractorSpendingTableCell.m */,
				01D7FE910FA5019100F78B92 /* PlaceSpendingData.h */,
				01D7FE920FA5019100F78B92 /* PlaceSpendingData.m */,
				01D7FE930FA5019100F78B92 /* PlaceSpendingTableCell.h */,
				01D7FE940FA5019100F78B92 /* PlaceSpendingTableCell.m */,
				01D7FE990FA5019100F78B92 /* SpendingSummaryViewController.h */,
				01D7FE9A0FA5019100F78B92 /* SpendingSummaryViewController.m */,
				01D7FE970FA5019100F78B92 /* SpendingSummaryData.h */,
				01D7FE980FA5019100F78B92 /* SpendingSummaryData.m */,
			);
			path = spending;
			sourceTree = "<group>";
		};
		0102D2DD0F58DB80005AE0EA /* recovery */ = {
			isa = PBXGroup;
			children = (
				01D7FE880FA5015700F78B92 /* RecoveryView.xib */,
				01D7FE890FA5015700F78B92 /* RecoveryViewController.h */,
				01D7FE8A0FA5015700F78B92 /* RecoveryViewController.m */,
			);
			path = recovery;
			sourceTree = "<group>";
		};
		0102D2DE0F58DB87005AE0EA /* bills */ = {
			isa = PBXGroup;
			children = (
				01D7FE7F0FA5013200F78B92 /* BillsViewController.h */,
				01D7FE800FA5013200F78B92 /* BillsViewController.m */,
				01178E2811D84C470068673A /* BillSummaryTableCell.xib */,
				01D7FE7B0FA5013200F78B92 /* BillSummaryTableCell.h */,
				01D7FE7C0FA5013200F78B92 /* BillSummaryTableCell.m */,
				01D7FE790FA5013200F78B92 /* BillsDataManager.h */,
				01D7FE7A0FA5013200F78B92 /* BillsDataManager.m */,
				01D7FE730FA5013200F78B92 /* BillContainer.h */,
				01D7FE740FA5013200F78B92 /* BillContainer.m */,
				01D7FE7D0FA5013200F78B92 /* BillSummaryXMLParser.h */,
				01D7FE7E0FA5013200F78B92 /* BillSummaryXMLParser.m */,
				01D7FE770FA5013200F78B92 /* BillInfoViewController.h */,
				01D7FE780FA5013200F78B92 /* BillInfoViewController.m */,
				01D7FE750FA5013200F78B92 /* BillInfoData.h */,
				01D7FE760FA5013200F78B92 /* BillInfoData.m */,
			);
			path = bills;
			sourceTree = "<group>";
		};
		01BC2FA00F5B840F00E7ABD0 /* common */ = {
			isa = PBXGroup;
			children = (
				01D4FF0F0FCB29B10000FAE7 /* Reachability.h */,
				01D4FF100FCB29B10000FAE7 /* Reachability.m */,
				01D7FE6C0FA5010400F78B92 /* main.m */,
				01D7FE6D0FA5010400F78B92 /* MainWindow.xib */,
				01D7FE6E0FA5010400F78B92 /* myGovAppDelegate.h */,
				01D7FE6F0FA5010400F78B92 /* myGovAppDelegate.m */,
				01D7FE560FA500E900F78B92 /* MiniBrowserController.h */,
				01D7FE570FA500E900F78B92 /* MiniBrowserController.m */,
				01D7FE580FA500E900F78B92 /* MiniBrowserView.xib */,
				01D7FE590FA500E900F78B92 /* ProgressOverlayViewController.h */,
				01D7FE5A0FA500E900F78B92 /* ProgressOverlayViewController.m */,
				01D7FE5B0FA500E900F78B92 /* StateAbbreviations.h */,
				01D7FE5C0FA500E900F78B92 /* StateAbbreviations.m */,
				01D7FE5D0FA500E900F78B92 /* TableDataManager.h */,
				01D7FE5E0FA500E900F78B92 /* TableDataManager.m */,
				01D7FE5F0FA500E900F78B92 /* TwitterLoginView.xib */,
				01D7FE600FA500E900F78B92 /* TwitterLoginViewController.h */,
				01D7FE610FA500E900F78B92 /* TwitterLoginViewController.m */,
				01D7FE620FA500E900F78B92 /* XMLParserOperation.h */,
				01D7FE630FA500E900F78B92 /* XMLParserOperation.m */,
				01D7FE4B0FA500DA00F78B92 /* ComposeMessageView.xib */,
				01D7FE4C0FA500DA00F78B92 /* ComposeMessageViewController.h */,
				01D7FE4D0FA500DA00F78B92 /* ComposeMessageViewController.m */,
				01849E7D11C5F6D6000CB52F /* CustomTableCell.xib */,
				01D7FE4E0FA500DA00F78B92 /* CustomTableCell.h */,
				01D7FE4F0FA500DA00F78B92 /* CustomTableCell.m */,
				01D7FE500FA500DA00F78B92 /* DataProviders.h */,
				01D7FE510FA500DA00F78B92 /* DataProviders.m */,
				01B6C7B70FA57319000CEF90 /* MyGovUserData.h */,
				01B6C7B80FA57319000CEF90 /* MyGovUserData.m */,
				01B61DAC0FAA96ED007E10E6 /* MyGovLoginView.xib */,
				01B61DAE0FAA9701007E10E6 /* MyGovLoginViewController.h */,
				01B61DAF0FAA9701007E10E6 /* MyGovLoginViewController.m */,
				01D4FEDE0FCB24620000FAE7 /* myGovCompileOptions.h */,
			);
			path = common;
			sourceTree = "<group>";
		};
		01E4C5210FA01DE500E69CC8 /* mgtwitterengine */ = {
			isa = PBXGroup;
			children = (
				01D7FEC90FA502A600F78B92 /* MGTwitterEngineGlobalHeader.h */,
				01D7FEC80FA502A600F78B92 /* MGTwitterEngineDelegate.h */,
				01D7FEC50FA5027F00F78B92 /* MGTwitterEngine.h */,
				01D7FEC60FA5027F00F78B92 /* MGTwitterEngine.m */,
				01D7FECA0FA502A600F78B92 /* MGTwitterHTTPURLConnection.h */,
				01D7FECB0FA502A600F78B92 /* MGTwitterHTTPURLConnection.m */,
				01D7FECD0FA502C100F78B92 /* MGTwitterParserDelegate.h */,
				01D7FECE0FA502C100F78B92 /* MGTwitterRequestTypes.h */,
				01E4C5220FA01E0A00E69CC8 /* Twitter NSXML Parsers */,
				01E4C52D0FA01E7700E69CC8 /* Data Format Support */,
			);
			name = mgtwitterengine;
			path = common/mgtwitterengine;
			sourceTree = "<group>";
		};
		01E4C5220FA01E0A00E69CC8 /* Twitter NSXML Parsers */ = {
			isa = PBXGroup;
			children = (
				01D7FED80FA5030D00F78B92 /* MGTwitterUsersParser.h */,
				01D7FED90FA5030D00F78B92 /* MGTwitterUsersParser.m */,
				01D7FEDA0FA5030D00F78B92 /* MGTwitterXMLParser.h */,
				01D7FEDB0FA5030D00F78B92 /* MGTwitterXMLParser.m */,
				01D7FECF0FA502F400F78B92 /* MGTwitterMessagesParser.h */,
				01D7FED00FA502F400F78B92 /* MGTwitterMessagesParser.m */,
				01D7FED10FA502F400F78B92 /* MGTwitterMiscParser.h */,
				01D7FED20FA502F400F78B92 /* MGTwitterMiscParser.m */,
				01D7FED30FA502F400F78B92 /* MGTwitterStatusesParser.h */,
				01D7FED40FA502F400F78B92 /* MGTwitterStatusesParser.m */,
			);
			name = "Twitter NSXML Parsers";
			sourceTree = "<group>";
		};
		01E4C52D0FA01E7700E69CC8 /* Data Format Support */ = {
			isa = PBXGroup;
			children = (
				01D7FEDE0FA5032D00F78B92 /* NSData+Base64.h */,
				01D7FEDF0FA5032D00F78B92 /* NSData+Base64.m */,
				01D7FEE00FA5032D00F78B92 /* NSString+UUID.h */,
				01D7FEE10FA5032D00F78B92 /* NSString+UUID.m */,
			);
			name = "Data Format Support";
			sourceTree = "<group>";
		};
		19C28FACFE9D520D11CA2CBB /* Products */ = {
			isa = PBXGroup;
			children = (
				1D6058910D05DD3D006BFB54 /* myGovernment.app */,
			);
			name = Products;
			sourceTree = "<group>";
		};
		29B97314FDCFA39411CA2CEA /* myGov */ = {
			isa = PBXGroup;
			children = (
				0178E3AE0F944AFF00B96BD1 /* Settings.bundle */,
				0102D2D90F58DB5D005AE0EA /* src */,
				29B97317FDCFA39411CA2CEA /* Resources */,
				29B97323FDCFA39411CA2CEA /* Frameworks */,
				19C28FACFE9D520D11CA2CBB /* Products */,
			);
			name = myGov;
			sourceTree = "<group>";
		};
		29B97317FDCFA39411CA2CEA /* Resources */ = {
			isa = PBXGroup;
			children = (
				01526F0A10BCE39800445CF2 /* personIcon.png */,
				01526E3B10BCCC7C00445CF2 /* safariButton.png */,
				01C6697F0FFAF44F00A01F3D /* newContact.png */,
				01BFE8120FB7D62500ECC015 /* google_logo_small.png */,
				01B374760FB7568600DDA991 /* eagleIcon_32x32.png */,
				01B374770FB7568600DDA991 /* eagleIcon_57x57.png */,
				012855150FAEA2D400E2B55E /* mygov_login_header.png */,
				01B61CF70FAA8A37007E10E6 /* refreshIcon.png */,
				01ACAEF30FA80DA100B6FF59 /* communityEventIcon.png */,
				012D5AD10FA6C098006DA53F /* system_avatar.png */,
				01E4C5820FA0278700E69CC8 /* twitter_logo_header.png */,
				01C729D70F9EEBBF00EA3FF9 /* recoveryIcon.png */,
				01B7B6ED0F8AEACD00619441 /* backButton.png */,
				01B7B6EE0F8AEACD00619441 /* fwdButton.png */,
				017C22540F721E60008CA4ED /* communityIcon.png */,
				017C224D0F721824008CA4ED /* billsIcon.png */,
				017C224E0F721824008CA4ED /* congressIcon.png */,
				017C224F0F721824008CA4ED /* spendingIcon.png */,
				01B119420F70BD560076AFE0 /* location_overlay.png */,
				01B119430F70BD560076AFE0 /* USStates.plist */,
				011592C30F6A36D2008BECCD /* Default.png */,
				0102D2ED0F58DECD005AE0EA /* eagleIcon.png */,
				0102D2CE0F58D7C7005AE0EA /* myGov_Prefix.pch */,
				8D1107310486CEB800E47090 /* Info.plist */,
			);
			name = Resources;
			sourceTree = "<group>";
		};
		29B97323FDCFA39411CA2CEA /* Frameworks */ = {
			isa = PBXGroup;
			children = (
				01849E3511C5F0E5000CB52F /* MessageUI.framework */,
				01D4FF130FCB2A0D0000FAE7 /* SystemConfiguration.framework */,
				01C075C00F8EE98700F5B2A1 /* AddressBookUI.framework */,
				01C075BB0F8EE96E00F5B2A1 /* AddressBook.framework */,
				0126775D0F7F25CA00CF9C46 /* CoreLocation.framework */,
				1DF5F4DF0D08C38300B7A737 /* UIKit.framework */,
				1D30AB110D05D00D00671497 /* Foundation.framework */,
				288765070DF74369002DB57D /* CoreGraphics.framework */,
			);
			name = Frameworks;
			sourceTree = "<group>";
		};
/* End PBXGroup section */

/* Begin PBXNativeTarget section */
		1D6058900D05DD3D006BFB54 /* myGovernment */ = {
			isa = PBXNativeTarget;
			buildConfigurationList = 1D6058960D05DD3E006BFB54 /* Build configuration list for PBXNativeTarget "myGovernment" */;
			buildPhases = (
				1D60588D0D05DD3D006BFB54 /* Resources */,
				1D60588E0D05DD3D006BFB54 /* Sources */,
				1D60588F0D05DD3D006BFB54 /* Frameworks */,
			);
			buildRules = (
			);
			dependencies = (
			);
			name = myGovernment;
			productName = myGov;
			productReference = 1D6058910D05DD3D006BFB54 /* myGovernment.app */;
			productType = "com.apple.product-type.application";
		};
/* End PBXNativeTarget section */

/* Begin PBXProject section */
		29B97313FDCFA39411CA2CEA /* Project object */ = {
			isa = PBXProject;
			buildConfigurationList = C01FCF4E08A954540054247B /* Build configuration list for PBXProject "myGovernment" */;
			compatibilityVersion = "Xcode 3.1";
			hasScannedForEncodings = 1;
			mainGroup = 29B97314FDCFA39411CA2CEA /* myGov */;
			projectDirPath = "";
			projectRoot = "";
			targets = (
				1D6058900D05DD3D006BFB54 /* myGovernment */,
			);
		};
/* End PBXProject section */

/* Begin PBXResourcesBuildPhase section */
		1D60588D0D05DD3D006BFB54 /* Resources */ = {
			isa = PBXResourcesBuildPhase;
			buildActionMask = 2147483647;
			files = (
				0102D2EE0F58DECD005AE0EA /* eagleIcon.png in Resources */,
				011592C40F6A36D2008BECCD /* Default.png in Resources */,
				01B119440F70BD560076AFE0 /* location_overlay.png in Resources */,
				01B119450F70BD560076AFE0 /* USStates.plist in Resources */,
				017C22500F721824008CA4ED /* billsIcon.png in Resources */,
				017C22510F721824008CA4ED /* congressIcon.png in Resources */,
				017C22520F721824008CA4ED /* spendingIcon.png in Resources */,
				017C22550F721E60008CA4ED /* communityIcon.png in Resources */,
				01B7B6EF0F8AEACE00619441 /* backButton.png in Resources */,
				01B7B6F00F8AEACE00619441 /* fwdButton.png in Resources */,
				0178E3AF0F944AFF00B96BD1 /* Settings.bundle in Resources */,
				01C729D80F9EEBBF00EA3FF9 /* recoveryIcon.png in Resources */,
				01E4C5830FA0278700E69CC8 /* twitter_logo_header.png in Resources */,
				01D7FE520FA500DA00F78B92 /* ComposeMessageView.xib in Resources */,
				01D7FE650FA500E900F78B92 /* MiniBrowserView.xib in Resources */,
				01D7FE690FA500E900F78B92 /* TwitterLoginView.xib in Resources */,
				01D7FE710FA5010400F78B92 /* MainWindow.xib in Resources */,
				01D7FE8B0FA5015700F78B92 /* RecoveryView.xib in Resources */,
				01D7FEC00FA5023B00F78B92 /* LegislatorHeaderView.xib in Resources */,
				012D5AD20FA6C098006DA53F /* system_avatar.png in Resources */,
				01ACAEF50FA80DA100B6FF59 /* communityEventIcon.png in Resources */,
				01ACB0670FA8434900B6FF59 /* CDetailHeaderView.xib in Resources */,
				01B61CF80FAA8A37007E10E6 /* refreshIcon.png in Resources */,
				01B61DAD0FAA96ED007E10E6 /* MyGovLoginView.xib in Resources */,
				012855160FAEA2D400E2B55E /* mygov_login_header.png in Resources */,
				01B374780FB7568600DDA991 /* eagleIcon_32x32.png in Resources */,
				01B374790FB7568600DDA991 /* eagleIcon_57x57.png in Resources */,
				01BFE8130FB7D62500ECC015 /* google_logo_small.png in Resources */,
				01C669800FFAF44F00A01F3D /* newContact.png in Resources */,
				01C669C10FFB061600A01F3D /* SpendingView.xib in Resources */,
				01526E3C10BCCC7C00445CF2 /* safariButton.png in Resources */,
				01526F0B10BCE39800445CF2 /* personIcon.png in Resources */,
				01849D8011C5C08C000CB52F /* LegislatorNameCell.xib in Resources */,
				01849D8811C5CC93000CB52F /* CongressViewController.xib in Resources */,
				01849E7E11C5F6D6000CB52F /* CustomTableCell.xib in Resources */,
				01178E2911D84C470068673A /* BillSummaryTableCell.xib in Resources */,
				01178E7911D85B160068673A /* LocateAlertView.xib in Resources */,
			);
			runOnlyForDeploymentPostprocessing = 0;
		};
/* End PBXResourcesBuildPhase section */

/* Begin PBXSourcesBuildPhase section */
		1D60588E0D05DD3D006BFB54 /* Sources */ = {
			isa = PBXSourcesBuildPhase;
			buildActionMask = 2147483647;
			files = (
				04B603120F59BE3000815A86 /* CommunityViewController.m in Sources */,
				0461A05A0F5A471400BE17FF /* CommunityItem.m in Sources */,
				01D7FE470FA4F62100F78B92 /* CommunityDataManager.m in Sources */,
				01D7FE530FA500DA00F78B92 /* ComposeMessageViewController.m in Sources */,
				01D7FE540FA500DA00F78B92 /* CustomTableCell.m in Sources */,
				01D7FE550FA500DA00F78B92 /* DataProviders.m in Sources */,
				01D7FE640FA500E900F78B92 /* MiniBrowserController.m in Sources */,
				01D7FE660FA500E900F78B92 /* ProgressOverlayViewController.m in Sources */,
				01D7FE670FA500E900F78B92 /* StateAbbreviations.m in Sources */,
				01D7FE680FA500E900F78B92 /* TableDataManager.m in Sources */,
				01D7FE6A0FA500E900F78B92 /* TwitterLoginViewController.m in Sources */,
				01D7FE6B0FA500E900F78B92 /* XMLParserOperation.m in Sources */,
				01D7FE700FA5010400F78B92 /* main.m in Sources */,
				01D7FE720FA5010400F78B92 /* myGovAppDelegate.m in Sources */,
				01D7FE810FA5013200F78B92 /* BillContainer.m in Sources */,
				01D7FE820FA5013200F78B92 /* BillInfoData.m in Sources */,
				01D7FE830FA5013200F78B92 /* BillInfoViewController.m in Sources */,
				01D7FE840FA5013200F78B92 /* BillsDataManager.m in Sources */,
				01D7FE850FA5013200F78B92 /* BillSummaryTableCell.m in Sources */,
				01D7FE860FA5013200F78B92 /* BillSummaryXMLParser.m in Sources */,
				01D7FE870FA5013200F78B92 /* BillsViewController.m in Sources */,
				01D7FE8C0FA5015700F78B92 /* RecoveryViewController.m in Sources */,
				01D7FE9D0FA5019100F78B92 /* ContractorSpendingData.m in Sources */,
				01D7FE9E0FA5019100F78B92 /* ContractorSpendingTableCell.m in Sources */,
				01D7FE9F0FA5019100F78B92 /* PlaceSpendingData.m in Sources */,
				01D7FEA00FA5019100F78B92 /* PlaceSpendingTableCell.m in Sources */,
				01D7FEA10FA5019100F78B92 /* SpendingDataManager.m in Sources */,
				01D7FEA20FA5019100F78B92 /* SpendingSummaryData.m in Sources */,
				01D7FEA30FA5019100F78B92 /* SpendingSummaryViewController.m in Sources */,
				01D7FEA40FA5019100F78B92 /* SpendingViewController.m in Sources */,
				01D7FEBA0FA5023B00F78B92 /* CongressDatabaseParser.m in Sources */,
				01D7FEBB0FA5023B00F78B92 /* CongressDataManager.m in Sources */,
				01D7FEBC0FA5023B00F78B92 /* CongressionalCommittees.m in Sources */,
				01D7FEBD0FA5023B00F78B92 /* CongressLocationParser.m in Sources */,
				01D7FEBE0FA5023B00F78B92 /* CongressViewController.m in Sources */,
				01D7FEBF0FA5023B00F78B92 /* LegislatorContainer.m in Sources */,
				01D7FEC10FA5023B00F78B92 /* LegislatorHeaderViewController.m in Sources */,
				01D7FEC20FA5023B00F78B92 /* LegislatorInfoData.m in Sources */,
				01D7FEC30FA5023B00F78B92 /* LegislatorNameCell.m in Sources */,
				01D7FEC40FA5023B00F78B92 /* LegislatorDetailViewController.m in Sources */,
				01D7FEC70FA5027F00F78B92 /* MGTwitterEngine.m in Sources */,
				01D7FECC0FA502A600F78B92 /* MGTwitterHTTPURLConnection.m in Sources */,
				01D7FED50FA502F400F78B92 /* MGTwitterMessagesParser.m in Sources */,
				01D7FED60FA502F400F78B92 /* MGTwitterMiscParser.m in Sources */,
				01D7FED70FA502F400F78B92 /* MGTwitterStatusesParser.m in Sources */,
				01D7FEDC0FA5030D00F78B92 /* MGTwitterUsersParser.m in Sources */,
				01D7FEDD0FA5030D00F78B92 /* MGTwitterXMLParser.m in Sources */,
				01D7FEE20FA5032D00F78B92 /* NSData+Base64.m in Sources */,
				01D7FEE30FA5032D00F78B92 /* NSString+UUID.m in Sources */,
				01D7FF160FA5080D00F78B92 /* CommunityItemTableCell.m in Sources */,
				01B6C79D0FA56FE5000CEF90 /* JeremyaStaticDataSource.m in Sources */,
				01B6C7B90FA57319000CEF90 /* MyGovUserData.m in Sources */,
				01B7D87A0FA5E5DF00CFF880 /* GoogleAppsDataSource.m in Sources */,
				01ACAF370FA8119C00B6FF59 /* CommunityDetailViewController.m in Sources */,
				01ACAF3A0FA811B800B6FF59 /* CommunityDetailData.m in Sources */,
				01ACB0680FA8434900B6FF59 /* CDetailHeaderViewController.m in Sources */,
				01E6EC0F0FA8C224001BEAD3 /* CholorDataSource.m in Sources */,
				01B61DB00FAA9701007E10E6 /* MyGovLoginViewController.m in Sources */,
				01D4FF110FCB29B10000FAE7 /* Reachability.m in Sources */,
				01178E8011D85C320068673A /* LocateAlertView.m in Sources */,
			);
			runOnlyForDeploymentPostprocessing = 0;
		};
/* End PBXSourcesBuildPhase section */

/* Begin XCBuildConfiguration section */
		018894120FB9FDC400482F2B /* Distribution */ = {
			isa = XCBuildConfiguration;
			buildSettings = {
				ARCHS = "$(ARCHS_STANDARD_32_BIT)";
				"CODE_SIGN_IDENTITY[sdk=iphoneos*]" = "iPhone Developer";
				GCC_C_LANGUAGE_STANDARD = c99;
				GCC_WARN_ABOUT_RETURN_TYPE = YES;
				GCC_WARN_UNUSED_VARIABLE = YES;
				PREBINDING = NO;
				SDKROOT = iphoneos3.0;
			};
			name = Distribution;
		};
		018894130FB9FDC400482F2B /* Distribution */ = {
			isa = XCBuildConfiguration;
			buildSettings = {
				ALWAYS_SEARCH_USER_PATHS = NO;
				ARCHS = "$(ARCHS_UNIVERSAL_IPHONE_OS)";
				"CODE_SIGN_IDENTITY[sdk=iphoneos*]" = "iPhone Distribution: Jeremy Andrus";
				COPY_PHASE_STRIP = YES;
				GCC_GENERATE_DEBUGGING_SYMBOLS = YES;
				GCC_PRECOMPILE_PREFIX_HEADER = YES;
				GCC_PREFIX_HEADER = src/myGov_Prefix.pch;
				GCC_THREADSAFE_STATICS = YES;
				GCC_VERSION = 4.2;
				INFOPLIST_FILE = Info.plist;
				PRODUCT_NAME = myGovernment;
				"PROVISIONING_PROFILE[sdk=iphoneos*]" = "276B3239-EFEE-484C-A157-6DBEADE1C544";
				SDKROOT = iphoneos3.2;
			};
			name = Distribution;
		};
		1D6058940D05DD3E006BFB54 /* Debug */ = {
			isa = XCBuildConfiguration;
			buildSettings = {
				ALWAYS_SEARCH_USER_PATHS = NO;
				"CODE_SIGN_IDENTITY[sdk=iphoneos*]" = "iPhone Developer: Jeremy Andrus (QP39L7CZ2L)";
				COPY_PHASE_STRIP = NO;
				CURRENT_PROJECT_VERSION = 1.1;
				GCC_DYNAMIC_NO_PIC = NO;
				GCC_GENERATE_DEBUGGING_SYMBOLS = YES;
				GCC_OPTIMIZATION_LEVEL = 0;
				GCC_PRECOMPILE_PREFIX_HEADER = YES;
				GCC_PREFIX_HEADER = src/myGov_Prefix.pch;
				GCC_VERSION = 4.2;
				INFOPLIST_FILE = Info.plist;
				PRODUCT_NAME = myGovernment;
				SDKROOT = iphoneos3.2;
			};
			name = Debug;
		};
		1D6058950D05DD3E006BFB54 /* Release */ = {
			isa = XCBuildConfiguration;
			buildSettings = {
				ALWAYS_SEARCH_USER_PATHS = NO;
				ARCHS = "$(ARCHS_UNIVERSAL_IPHONE_OS)";
				"CODE_SIGN_IDENTITY[sdk=iphoneos*]" = "iPhone Developer";
				COPY_PHASE_STRIP = YES;
				GCC_GENERATE_DEBUGGING_SYMBOLS = NO;
				GCC_PRECOMPILE_PREFIX_HEADER = YES;
				GCC_PREFIX_HEADER = src/myGov_Prefix.pch;
				GCC_THREADSAFE_STATICS = NO;
				GCC_VERSION = 4.2;
				INFOPLIST_FILE = Info.plist;
				PRODUCT_NAME = myGovernment;
				"PROVISIONING_PROFILE[sdk=iphoneos*]" = "";
				SDKROOT = iphoneos3.2;
			};
			name = Release;
		};
		C01FCF4F08A954540054247B /* Debug */ = {
			isa = XCBuildConfiguration;
			buildSettings = {
				ARCHS = "$(ARCHS_STANDARD_32_BIT)";
				"CODE_SIGN_IDENTITY[sdk=iphoneos*]" = "iPhone Developer";
				GCC_C_LANGUAGE_STANDARD = c99;
				GCC_WARN_ABOUT_RETURN_TYPE = YES;
				GCC_WARN_UNUSED_VARIABLE = YES;
				ONLY_ACTIVE_ARCH = YES;
				PREBINDING = NO;
				SDKROOT = iphoneos3.0;
			};
			name = Debug;
		};
		C01FCF5008A954540054247B /* Release */ = {
			isa = XCBuildConfiguration;
			buildSettings = {
				ARCHS = "$(ARCHS_STANDARD_32_BIT)";
				"CODE_SIGN_IDENTITY[sdk=iphoneos*]" = "iPhone Developer";
				GCC_C_LANGUAGE_STANDARD = c99;
				GCC_WARN_ABOUT_RETURN_TYPE = YES;
				GCC_WARN_UNUSED_VARIABLE = YES;
				ONLY_ACTIVE_ARCH = NO;
				PREBINDING = NO;
				SDKROOT = iphoneos3.0;
			};
			name = Release;
		};
/* End XCBuildConfiguration section */

/* Begin XCConfigurationList section */
		1D6058960D05DD3E006BFB54 /* Build configuration list for PBXNativeTarget "myGovernment" */ = {
			isa = XCConfigurationList;
			buildConfigurations = (
				1D6058940D05DD3E006BFB54 /* Debug */,
				1D6058950D05DD3E006BFB54 /* Release */,
				018894130FB9FDC400482F2B /* Distribution */,
			);
			defaultConfigurationIsVisible = 0;
			defaultConfigurationName = Release;
		};
		C01FCF4E08A954540054247B /* Build configuration list for PBXProject "myGovernment" */ = {
			isa = XCConfigurationList;
			buildConfigurations = (
				C01FCF4F08A954540054247B /* Debug */,
				C01FCF5008A954540054247B /* Release */,
				018894120FB9FDC400482F2B /* Distribution */,
			);
			defaultConfigurationIsVisible = 0;
			defaultConfigurationName = Release;
		};
/* End XCConfigurationList section */
	};
	rootObject = 29B97313FDCFA39411CA2CEA /* Project object */;
}
